// !$*UTF8*$!
{
	archiveVersion = 1;
	classes = {
	};
	objectVersion = 56;
	objects = {

/* Begin PBXBuildFile section */
		A004E51E2BE005DE008D3F11 /* WatchSwimMate Watch App.app in Embed Watch Content */ = {isa = PBXBuildFile; fileRef = A0F0C7D42BDF7C5F00AF6D5B /* WatchSwimMate Watch App.app */; settings = {ATTRIBUTES = (RemoveHeadersOnCopy, ); }; };
		A023DE452BDF7B2A00242C58 /* SwimMateApp.swift in Sources */ = {isa = PBXBuildFile; fileRef = A0C0505F2BCC5D7A002450AD /* SwimMateApp.swift */; };
		A02F8F4B2E296011006CC3E5 /* MeasureUnit.swift in Sources */ = {isa = PBXBuildFile; fileRef = A02F8F422E296011006CC3E5 /* MeasureUnit.swift */; };
		A02F8F4C2E296011006CC3E5 /* SwimStroke.swift in Sources */ = {isa = PBXBuildFile; fileRef = A02F8F432E296011006CC3E5 /* SwimStroke.swift */; };
		A02F8F4D2E296011006CC3E5 /* SetComponent.swift in Sources */ = {isa = PBXBuildFile; fileRef = A02F8F3E2E296011006CC3E5 /* SetComponent.swift */; };
		A02F8F4E2E296011006CC3E5 /* LapGroup.swift in Sources */ = {isa = PBXBuildFile; fileRef = A02F8F472E296011006CC3E5 /* LapGroup.swift */; };
		A02F8F4F2E296011006CC3E5 /* SwimmingLocationType.swift in Sources */ = {isa = PBXBuildFile; fileRef = A02F8F442E296011006CC3E5 /* SwimmingLocationType.swift */; };
		A02F8F502E296011006CC3E5 /* Swim.swift in Sources */ = {isa = PBXBuildFile; fileRef = A02F8F482E296011006CC3E5 /* Swim.swift */; };
		A02F8F512E296011006CC3E5 /* SwimSet.swift in Sources */ = {isa = PBXBuildFile; fileRef = A02F8F3F2E296011006CC3E5 /* SwimSet.swift */; };
		A02F8F522E296011006CC3E5 /* SwimSetExamples.swift in Sources */ = {isa = PBXBuildFile; fileRef = A02F8F402E296011006CC3E5 /* SwimSetExamples.swift */; };
		A02F8F532E296011006CC3E5 /* Lap.swift in Sources */ = {isa = PBXBuildFile; fileRef = A02F8F462E296011006CC3E5 /* Lap.swift */; };
		A02F8F542E296011006CC3E5 /* MeasureUnit.swift in Sources */ = {isa = PBXBuildFile; fileRef = A02F8F422E296011006CC3E5 /* MeasureUnit.swift */; };
		A02F8F552E296011006CC3E5 /* SwimStroke.swift in Sources */ = {isa = PBXBuildFile; fileRef = A02F8F432E296011006CC3E5 /* SwimStroke.swift */; };
		A02F8F562E296011006CC3E5 /* SetComponent.swift in Sources */ = {isa = PBXBuildFile; fileRef = A02F8F3E2E296011006CC3E5 /* SetComponent.swift */; };
		A02F8F572E296011006CC3E5 /* LapGroup.swift in Sources */ = {isa = PBXBuildFile; fileRef = A02F8F472E296011006CC3E5 /* LapGroup.swift */; };
		A02F8F582E296011006CC3E5 /* SwimmingLocationType.swift in Sources */ = {isa = PBXBuildFile; fileRef = A02F8F442E296011006CC3E5 /* SwimmingLocationType.swift */; };
		A02F8F592E296011006CC3E5 /* Swim.swift in Sources */ = {isa = PBXBuildFile; fileRef = A02F8F482E296011006CC3E5 /* Swim.swift */; };
		A02F8F5A2E296011006CC3E5 /* SwimSet.swift in Sources */ = {isa = PBXBuildFile; fileRef = A02F8F3F2E296011006CC3E5 /* SwimSet.swift */; };
		A02F8F5B2E296011006CC3E5 /* SwimSetExamples.swift in Sources */ = {isa = PBXBuildFile; fileRef = A02F8F402E296011006CC3E5 /* SwimSetExamples.swift */; };
		A02F8F5C2E296011006CC3E5 /* Lap.swift in Sources */ = {isa = PBXBuildFile; fileRef = A02F8F462E296011006CC3E5 /* Lap.swift */; };
		A02F8F602E299F39006CC3E5 /* Manager+Convenience.swift in Sources */ = {isa = PBXBuildFile; fileRef = A02F8F5F2E299F35006CC3E5 /* Manager+Convenience.swift */; };
		A02F8F622E299F5F006CC3E5 /* FilterSheetView.swift in Sources */ = {isa = PBXBuildFile; fileRef = A02F8F612E299F5F006CC3E5 /* FilterSheetView.swift */; };
		A02F8F642E299FE0006CC3E5 /* Manager+SetFiltering.swift in Sources */ = {isa = PBXBuildFile; fileRef = A02F8F632E299FDD006CC3E5 /* Manager+SetFiltering.swift */; };
		A048B8A22DE9253F00084546 /* MetricsView.swift in Sources */ = {isa = PBXBuildFile; fileRef = A048B8882DE9253F00084546 /* MetricsView.swift */; };
		A048B8A32DE9253F00084546 /* LoadingView.swift in Sources */ = {isa = PBXBuildFile; fileRef = A048B8902DE9253F00084546 /* LoadingView.swift */; };
		A048B8A42DE9253F00084546 /* GoalBadgeView.swift in Sources */ = {isa = PBXBuildFile; fileRef = A048B8762DE9253F00084546 /* GoalBadgeView.swift */; };
		A048B8A52DE9253F00084546 /* StepView.swift in Sources */ = {isa = PBXBuildFile; fileRef = A048B8632DE9253F00084546 /* StepView.swift */; };
		A048B8A62DE9253F00084546 /* PerformanceInsightsSection.swift in Sources */ = {isa = PBXBuildFile; fileRef = A048B8912DE9253F00084546 /* PerformanceInsightsSection.swift */; };
		A048B8A72DE9253F00084546 /* PerformanceCard.swift in Sources */ = {isa = PBXBuildFile; fileRef = A048B85A2DE9253F00084546 /* PerformanceCard.swift */; };
		A048B8A82DE9253F00084546 /* GoalSwimView.swift in Sources */ = {isa = PBXBuildFile; fileRef = A048B87A2DE9253F00084546 /* GoalSwimView.swift */; };
		A048B8A92DE9253F00084546 /* SummaryHeaderView.swift in Sources */ = {isa = PBXBuildFile; fileRef = A048B8932DE9253F00084546 /* SummaryHeaderView.swift */; };
		A048B8AA2DE9253F00084546 /* CalorieSetupView.swift in Sources */ = {isa = PBXBuildFile; fileRef = A048B86F2DE9253F00084546 /* CalorieSetupView.swift */; };
		A048B8AB2DE9253F00084546 /* ElapsedTimeView.swift in Sources */ = {isa = PBXBuildFile; fileRef = A048B85C2DE9253F00084546 /* ElapsedTimeView.swift */; };
		A048B8AC2DE9253F00084546 /* CompactNavButton.swift in Sources */ = {isa = PBXBuildFile; fileRef = A048B8532DE9253F00084546 /* CompactNavButton.swift */; };
		A048B8AD2DE9253F00084546 /* InsightRow.swift in Sources */ = {isa = PBXBuildFile; fileRef = A048B85D2DE9253F00084546 /* InsightRow.swift */; };
		A048B8AE2DE9253F00084546 /* SwimmingView.swift in Sources */ = {isa = PBXBuildFile; fileRef = A048B8992DE9253F00084546 /* SwimmingView.swift */; };
		A048B8AF2DE9253F00084546 /* MetricCard.swift in Sources */ = {isa = PBXBuildFile; fileRef = A048B8592DE9253F00084546 /* MetricCard.swift */; };
		A048B8B02DE9253F00084546 /* ActionButtonsSection.swift in Sources */ = {isa = PBXBuildFile; fileRef = A048B8742DE9253F00084546 /* ActionButtonsSection.swift */; };
		A048B8B12DE9253F00084546 /* GoalProgressView.swift in Sources */ = {isa = PBXBuildFile; fileRef = A048B8832DE9253F00084546 /* GoalProgressView.swift */; };
		A048B8B22DE9253F00084546 /* WatchRootView.swift in Sources */ = {isa = PBXBuildFile; fileRef = A048B89F2DE9253F00084546 /* WatchRootView.swift */; };
		A048B8B32DE9253F00084546 /* ProgressBar.swift in Sources */ = {isa = PBXBuildFile; fileRef = A048B8682DE9253F00084546 /* ProgressBar.swift */; };
		A048B8B42DE9253F00084546 /* CurrentGoalsDisplaySection.swift in Sources */ = {isa = PBXBuildFile; fileRef = A048B8752DE9253F00084546 /* CurrentGoalsDisplaySection.swift */; };
		A048B8B52DE9253F00084546 /* PresetButton.swift in Sources */ = {isa = PBXBuildFile; fileRef = A048B8562DE9253F00084546 /* PresetButton.swift */; };
		A048B8B62DE9253F00084546 /* KeyMetricsSection.swift in Sources */ = {isa = PBXBuildFile; fileRef = A048B88F2DE9253F00084546 /* KeyMetricsSection.swift */; };
		A048B8B72DE9253F00084546 /* GoalSpacingConstants.swift in Sources */ = {isa = PBXBuildFile; fileRef = A048B8792DE9253F00084546 /* GoalSpacingConstants.swift */; };
		A048B8B82DE9253F00084546 /* GoalProgressList.swift in Sources */ = {isa = PBXBuildFile; fileRef = A048B8812DE9253F00084546 /* GoalProgressList.swift */; };
		A048B8B92DE9253F00084546 /* GoalSetupButtonsSection.swift in Sources */ = {isa = PBXBuildFile; fileRef = A048B8772DE9253F00084546 /* GoalSetupButtonsSection.swift */; };
		A048B8BA2DE9253F00084546 /* ActionButton.swift in Sources */ = {isa = PBXBuildFile; fileRef = A048B8522DE9253F00084546 /* ActionButton.swift */; };
		A048B8BB2DE9253F00084546 /* TimeSetupView.swift in Sources */ = {isa = PBXBuildFile; fileRef = A048B8722DE9253F00084546 /* TimeSetupView.swift */; };
		A048B8BC2DE9253F00084546 /* GoalProgressHeader.swift in Sources */ = {isa = PBXBuildFile; fileRef = A048B8802DE9253F00084546 /* GoalProgressHeader.swift */; };
		A048B8BD2DE9253F00084546 /* SetDisplayView.swift in Sources */ = {isa = PBXBuildFile; fileRef = A048B88D2DE9253F00084546 /* SetDisplayView.swift */; };
		A048B8BE2DE9253F00084546 /* IndoorPoolSetupView.swift in Sources */ = {isa = PBXBuildFile; fileRef = A048B87D2DE9253F00084546 /* IndoorPoolSetupView.swift */; };
		A048B8BF2DE9253F00084546 /* CelebrationOverlay.swift in Sources */ = {isa = PBXBuildFile; fileRef = A048B8652DE9253F00084546 /* CelebrationOverlay.swift */; };
		A048B8C02DE9253F00084546 /* MainControlButton.swift in Sources */ = {isa = PBXBuildFile; fileRef = A048B8552DE9253F00084546 /* MainControlButton.swift */; };
		A048B8C12DE9253F00084546 /* SummaryFooter.swift in Sources */ = {isa = PBXBuildFile; fileRef = A048B8922DE9253F00084546 /* SummaryFooter.swift */; };
		A048B8C22DE9253F00084546 /* SettingsView.swift in Sources */ = {isa = PBXBuildFile; fileRef = A048B86D2DE9253F00084546 /* SettingsView.swift */; };
		A048B8C32DE9253F00084546 /* ImportSetView.swift in Sources */ = {isa = PBXBuildFile; fileRef = A048B87C2DE9253F00084546 /* ImportSetView.swift */; };
		A048B8C42DE9253F00084546 /* SecondaryMetricsGrid.swift in Sources */ = {isa = PBXBuildFile; fileRef = A048B8862DE9253F00084546 /* SecondaryMetricsGrid.swift */; };
		A048B8C52DE9253F00084546 /* GoalProgressBar.swift in Sources */ = {isa = PBXBuildFile; fileRef = A048B8672DE9253F00084546 /* GoalProgressBar.swift */; };
		A048B8C62DE9253F00084546 /* NavigationControls.swift in Sources */ = {isa = PBXBuildFile; fileRef = A048B8622DE9253F00084546 /* NavigationControls.swift */; };
		A048B8C72DE9253F00084546 /* SetCompletionView.swift in Sources */ = {isa = PBXBuildFile; fileRef = A048B88A2DE9253F00084546 /* SetCompletionView.swift */; };
		A048B8C82DE9253F00084546 /* SwimSetupView.swift in Sources */ = {isa = PBXBuildFile; fileRef = A048B87E2DE9253F00084546 /* SwimSetupView.swift */; };
		A048B8C92DE9253F00084546 /* HealthKitPermissionView.swift in Sources */ = {isa = PBXBuildFile; fileRef = A048B86C2DE9253F00084546 /* HealthKitPermissionView.swift */; };
		A048B8CA2DE9253F00084546 /* NavigationButtonsSection.swift in Sources */ = {isa = PBXBuildFile; fileRef = A048B89D2DE9253F00084546 /* NavigationButtonsSection.swift */; };
		A048B8CB2DE9253F00084546 /* IntensityIndicator.swift in Sources */ = {isa = PBXBuildFile; fileRef = A048B85E2DE9253F00084546 /* IntensityIndicator.swift */; };
		A048B8CC2DE9253F00084546 /* NumberPadView.swift in Sources */ = {isa = PBXBuildFile; fileRef = A048B8602DE9253F00084546 /* NumberPadView.swift */; };
		A048B8CD2DE9253F00084546 /* SwimControlsView.swift in Sources */ = {isa = PBXBuildFile; fileRef = A048B8972DE9253F00084546 /* SwimControlsView.swift */; };
		A048B8CE2DE9253F00084546 /* SwimmingSummaryView.swift in Sources */ = {isa = PBXBuildFile; fileRef = A048B8952DE9253F00084546 /* SwimmingSummaryView.swift */; };
		A048B8CF2DE9253F00084546 /* HeaderSection.swift in Sources */ = {isa = PBXBuildFile; fileRef = A048B89B2DE9253F00084546 /* HeaderSection.swift */; };
		A048B8D02DE9253F00084546 /* HealthKitWarningSection.swift in Sources */ = {isa = PBXBuildFile; fileRef = A048B89C2DE9253F00084546 /* HealthKitWarningSection.swift */; };
		A048B8D12DE9253F00084546 /* MainButton.swift in Sources */ = {isa = PBXBuildFile; fileRef = A048B8542DE9253F00084546 /* MainButton.swift */; };
		A048B8D22DE9253F00084546 /* PrimaryMetricsSection.swift in Sources */ = {isa = PBXBuildFile; fileRef = A048B8852DE9253F00084546 /* PrimaryMetricsSection.swift */; };
		A048B8D32DE9253F00084546 /* GoalSetupView.swift in Sources */ = {isa = PBXBuildFile; fileRef = A048B8712DE9253F00084546 /* GoalSetupView.swift */; };
		A048B8D42DE9253F00084546 /* GoalProgressCard.swift in Sources */ = {isa = PBXBuildFile; fileRef = A048B8582DE9253F00084546 /* GoalProgressCard.swift */; };
		A048B8D52DE9253F00084546 /* DistanceSetupView.swift in Sources */ = {isa = PBXBuildFile; fileRef = A048B8702DE9253F00084546 /* DistanceSetupView.swift */; };
		A048B8D62DE9253F00084546 /* SetHeader.swift in Sources */ = {isa = PBXBuildFile; fileRef = A048B88B2DE9253F00084546 /* SetHeader.swift */; };
		A048B8D72DE9253F00084546 /* README.md in Resources */ = {isa = PBXBuildFile; fileRef = A048B86A2DE9253F00084546 /* README.md */; };
		A07667B02BF5E6C600FFB4C3 /* Manager.swift in Sources */ = {isa = PBXBuildFile; fileRef = A07667AD2BF5E6C600FFB4C3 /* Manager.swift */; };
		A07667B12BF5E6C600FFB4C3 /* WatchConnector.swift in Sources */ = {isa = PBXBuildFile; fileRef = A07667AE2BF5E6C600FFB4C3 /* WatchConnector.swift */; };
		A08761772DC90A0000BD4402 /* README.md in Resources */ = {isa = PBXBuildFile; fileRef = A08761762DC909FC00BD4402 /* README.md */; };
		A09984B92E2896F900D23117 /* LapTimesChart.swift in Sources */ = {isa = PBXBuildFile; fileRef = A09984902E2896F900D23117 /* LapTimesChart.swift */; };
		A09984BA2E2896F900D23117 /* WorkoutView.swift in Sources */ = {isa = PBXBuildFile; fileRef = A09984B52E2896F900D23117 /* WorkoutView.swift */; };
		A09984BB2E2896F900D23117 /* RecentSwimRow.swift in Sources */ = {isa = PBXBuildFile; fileRef = A09984962E2896F900D23117 /* RecentSwimRow.swift */; };
		A09984BC2E2896F900D23117 /* SettingsView.swift in Sources */ = {isa = PBXBuildFile; fileRef = A09984A52E2896F900D23117 /* SettingsView.swift */; };
		A09984BD2E2896F900D23117 /* StatColumn.swift in Sources */ = {isa = PBXBuildFile; fileRef = A09984982E2896F900D23117 /* StatColumn.swift */; };
		A09984BE2E2896F900D23117 /* SimpleLapRow.swift in Sources */ = {isa = PBXBuildFile; fileRef = A09984972E2896F900D23117 /* SimpleLapRow.swift */; };
		A09984BF2E2896F900D23117 /* HealthKitPermissionView.swift in Sources */ = {isa = PBXBuildFile; fileRef = A09984A22E2896F900D23117 /* HealthKitPermissionView.swift */; };
		A09984C02E2896F900D23117 /* SwolfChart.swift in Sources */ = {isa = PBXBuildFile; fileRef = A09984942E2896F900D23117 /* SwolfChart.swift */; };
		A09984C12E2896F900D23117 /* DistanceChartCard.swift in Sources */ = {isa = PBXBuildFile; fileRef = A099848B2E2896F900D23117 /* DistanceChartCard.swift */; };
		A09984C22E2896F900D23117 /* RecentActivityCard.swift in Sources */ = {isa = PBXBuildFile; fileRef = A099848C2E2896F900D23117 /* RecentActivityCard.swift */; };
		A09984C32E2896F900D23117 /* WorkoutHeaderCard.swift in Sources */ = {isa = PBXBuildFile; fileRef = A09984B32E2896F900D23117 /* WorkoutHeaderCard.swift */; };
		A09984C42E2896F900D23117 /* LineGraphView.swift in Sources */ = {isa = PBXBuildFile; fileRef = A09984912E2896F900D23117 /* LineGraphView.swift */; };
		A09984C52E2896F900D23117 /* HomePage.swift in Sources */ = {isa = PBXBuildFile; fileRef = A099849E2E2896F900D23117 /* HomePage.swift */; };
		A09984C62E2896F900D23117 /* LapDetailsSection.swift in Sources */ = {isa = PBXBuildFile; fileRef = A09984B22E2896F900D23117 /* LapDetailsSection.swift */; };
		A09984C72E2896F900D23117 /* KeyMetricsGrid.swift in Sources */ = {isa = PBXBuildFile; fileRef = A09984B12E2896F900D23117 /* KeyMetricsGrid.swift */; };
		A09984C82E2896F900D23117 /* LogbookView.swift in Sources */ = {isa = PBXBuildFile; fileRef = A09984A92E2896F900D23117 /* LogbookView.swift */; };
		A09984C92E2896F900D23117 /* SetPage.swift in Sources */ = {isa = PBXBuildFile; fileRef = A09984AC2E2896F900D23117 /* SetPage.swift */; };
		A09984CA2E2896F900D23117 /* PreferencesView.swift in Sources */ = {isa = PBXBuildFile; fileRef = A09984A32E2896F900D23117 /* PreferencesView.swift */; };
		A09984CB2E2896F900D23117 /* ProfilePage.swift in Sources */ = {isa = PBXBuildFile; fileRef = A09984A42E2896F900D23117 /* ProfilePage.swift */; };
		A09984CC2E2896F900D23117 /* SetSummaryView.swift in Sources */ = {isa = PBXBuildFile; fileRef = A09984AD2E2896F900D23117 /* SetSummaryView.swift */; };
		A09984CD2E2896F900D23117 /* RootView.swift in Sources */ = {isa = PBXBuildFile; fileRef = A09984A02E2896F900D23117 /* RootView.swift */; };
		A09984CE2E2896F900D23117 /* WeeklySummaryCard.swift in Sources */ = {isa = PBXBuildFile; fileRef = A099848E2E2896F900D23117 /* WeeklySummaryCard.swift */; };
		A09984CF2E2896F900D23117 /* ChartsSection.swift in Sources */ = {isa = PBXBuildFile; fileRef = A09984B02E2896F900D23117 /* ChartsSection.swift */; };
		A09984D02E2896F900D23117 /* SummaryMetricItem.swift in Sources */ = {isa = PBXBuildFile; fileRef = A09984992E2896F900D23117 /* SummaryMetricItem.swift */; };
		A09984D12E2896F900D23117 /* StrokeDistributionChart.swift in Sources */ = {isa = PBXBuildFile; fileRef = A09984932E2896F900D23117 /* StrokeDistributionChart.swift */; };
		A09984D22E2896F900D23117 /* PaceGraphView.swift in Sources */ = {isa = PBXBuildFile; fileRef = A09984922E2896F900D23117 /* PaceGraphView.swift */; };
		A09984D32E2896F900D23117 /* SetDetailView.swift in Sources */ = {isa = PBXBuildFile; fileRef = A09984AB2E2896F900D23117 /* SetDetailView.swift */; };
		A09984D42E2896F900D23117 /* SimpleMetricCard.swift in Sources */ = {isa = PBXBuildFile; fileRef = A099848D2E2896F900D23117 /* SimpleMetricCard.swift */; };
		A09984D52E2896F900D23117 /* SwimListItemView.swift in Sources */ = {isa = PBXBuildFile; fileRef = A09984A72E2896F900D23117 /* SwimListItemView.swift */; };
		A0BFBA232DDD7C3C002B96A8 /* Assets.xcassets in Resources */ = {isa = PBXBuildFile; fileRef = A0BFBA1F2DDD7C3C002B96A8 /* Assets.xcassets */; };
		A0BFBA242DDD7C3C002B96A8 /* Preview Assets.xcassets in Resources */ = {isa = PBXBuildFile; fileRef = A0BFB9FD2DDD7C3C002B96A8 /* Preview Assets.xcassets */; };
		A0BFBA392DDD7C3C002B96A8 /* WatchSwimMateApp.swift in Sources */ = {isa = PBXBuildFile; fileRef = A0BFBA212DDD7C3C002B96A8 /* WatchSwimMateApp.swift */; };
		A0BFBA3A2DDD7C3C002B96A8 /* NavState.swift in Sources */ = {isa = PBXBuildFile; fileRef = A0BFB9FF2DDD7C3C002B96A8 /* NavState.swift */; };
		A0C050642BCC5D7B002450AD /* Assets.xcassets in Resources */ = {isa = PBXBuildFile; fileRef = A0C050632BCC5D7B002450AD /* Assets.xcassets */; };
		A0C050672BCC5D7B002450AD /* Preview Assets.xcassets in Resources */ = {isa = PBXBuildFile; fileRef = A0C050662BCC5D7B002450AD /* Preview Assets.xcassets */; };
		A0F6A70C2DE7E697005B7291 /* GoalType.swift in Sources */ = {isa = PBXBuildFile; fileRef = A0F6A70B2DE7E697005B7291 /* GoalType.swift */; };
		A0F6A7252DE7EF8A005B7291 /* WatchManager+Statistics.swift in Sources */ = {isa = PBXBuildFile; fileRef = A0F6A7222DE7EF8A005B7291 /* WatchManager+Statistics.swift */; };
		A0F6A7262DE7EF8A005B7291 /* WatchManager+Timer.swift in Sources */ = {isa = PBXBuildFile; fileRef = A0F6A7232DE7EF8A005B7291 /* WatchManager+Timer.swift */; };
		A0F6A7272DE7EF8A005B7291 /* WatchManager.swift in Sources */ = {isa = PBXBuildFile; fileRef = A0F6A71E2DE7EF8A005B7291 /* WatchManager.swift */; };
		A0F6A7282DE7EF8A005B7291 /* WatchManager+Workout.swift in Sources */ = {isa = PBXBuildFile; fileRef = A0F6A7242DE7EF8A005B7291 /* WatchManager+Workout.swift */; };
		A0F6A7292DE7EF8A005B7291 /* WatchManager+HealthKit.swift in Sources */ = {isa = PBXBuildFile; fileRef = A0F6A7212DE7EF8A005B7291 /* WatchManager+HealthKit.swift */; };
		A0F6A72A2DE7EF8A005B7291 /* WatchManager+Delegates.swift in Sources */ = {isa = PBXBuildFile; fileRef = A0F6A71F2DE7EF8A005B7291 /* WatchManager+Delegates.swift */; };
		A0F6A72B2DE7EF8A005B7291 /* WatchManager+Goals.swift in Sources */ = {isa = PBXBuildFile; fileRef = A0F6A7202DE7EF8A005B7291 /* WatchManager+Goals.swift */; };
		A0F6A72C2DE7EF8A005B7291 /* toiOSWatchConnector.swift in Sources */ = {isa = PBXBuildFile; fileRef = A0F6A71D2DE7EF8A005B7291 /* toiOSWatchConnector.swift */; };
		A0FB9E322BDF7C1F00F39829 /* WatchConnectivity.framework in Frameworks */ = {isa = PBXBuildFile; fileRef = A0FB9E312BDF7C1F00F39829 /* WatchConnectivity.framework */; };
/* End PBXBuildFile section */

/* Begin PBXContainerItemProxy section */
		A004E51F2BE005DE008D3F11 /* PBXContainerItemProxy */ = {
			isa = PBXContainerItemProxy;
			containerPortal = A0C050542BCC5D7A002450AD /* Project object */;
			proxyType = 1;
			remoteGlobalIDString = A0D5BAF22BDC9318004D9B9C;
			remoteInfo = "WatchSwimMate Watch App";
		};
		A0F0C8162BDF84A200AF6D5B /* PBXContainerItemProxy */ = {
			isa = PBXContainerItemProxy;
			containerPortal = A0C050542BCC5D7A002450AD /* Project object */;
			proxyType = 1;
			remoteGlobalIDString = A0D5BAF22BDC9318004D9B9C;
			remoteInfo = "WatchSwimMate Watch App";
		};
/* End PBXContainerItemProxy section */

/* Begin PBXCopyFilesBuildPhase section */
		A095AA162BD6E5D50097884B /* Embed Watch Content */ = {
			isa = PBXCopyFilesBuildPhase;
			buildActionMask = 2147483647;
			dstPath = "$(CONTENTS_FOLDER_PATH)/Watch";
			dstSubfolderSpec = 16;
			files = (
				A004E51E2BE005DE008D3F11 /* WatchSwimMate Watch App.app in Embed Watch Content */,
			);
			name = "Embed Watch Content";
			runOnlyForDeploymentPostprocessing = 0;
		};
/* End PBXCopyFilesBuildPhase section */

/* Begin PBXFileReference section */
		A02F8F3E2E296011006CC3E5 /* SetComponent.swift */ = {isa = PBXFileReference; lastKnownFileType = sourcecode.swift; path = SetComponent.swift; sourceTree = "<group>"; };
		A02F8F3F2E296011006CC3E5 /* SwimSet.swift */ = {isa = PBXFileReference; lastKnownFileType = sourcecode.swift; path = SwimSet.swift; sourceTree = "<group>"; };
		A02F8F402E296011006CC3E5 /* SwimSetExamples.swift */ = {isa = PBXFileReference; lastKnownFileType = sourcecode.swift; path = SwimSetExamples.swift; sourceTree = "<group>"; };
		A02F8F422E296011006CC3E5 /* MeasureUnit.swift */ = {isa = PBXFileReference; lastKnownFileType = sourcecode.swift; path = MeasureUnit.swift; sourceTree = "<group>"; };
		A02F8F432E296011006CC3E5 /* SwimStroke.swift */ = {isa = PBXFileReference; lastKnownFileType = sourcecode.swift; path = SwimStroke.swift; sourceTree = "<group>"; };
		A02F8F442E296011006CC3E5 /* SwimmingLocationType.swift */ = {isa = PBXFileReference; lastKnownFileType = sourcecode.swift; path = SwimmingLocationType.swift; sourceTree = "<group>"; };
		A02F8F462E296011006CC3E5 /* Lap.swift */ = {isa = PBXFileReference; lastKnownFileType = sourcecode.swift; path = Lap.swift; sourceTree = "<group>"; };
		A02F8F472E296011006CC3E5 /* LapGroup.swift */ = {isa = PBXFileReference; lastKnownFileType = sourcecode.swift; path = LapGroup.swift; sourceTree = "<group>"; };
		A02F8F482E296011006CC3E5 /* Swim.swift */ = {isa = PBXFileReference; lastKnownFileType = sourcecode.swift; path = Swim.swift; sourceTree = "<group>"; };
		A02F8F5F2E299F35006CC3E5 /* Manager+Convenience.swift */ = {isa = PBXFileReference; lastKnownFileType = sourcecode.swift; path = "Manager+Convenience.swift"; sourceTree = "<group>"; };
		A02F8F612E299F5F006CC3E5 /* FilterSheetView.swift */ = {isa = PBXFileReference; lastKnownFileType = sourcecode.swift; path = FilterSheetView.swift; sourceTree = "<group>"; };
		A02F8F632E299FDD006CC3E5 /* Manager+SetFiltering.swift */ = {isa = PBXFileReference; lastKnownFileType = sourcecode.swift; path = "Manager+SetFiltering.swift"; sourceTree = "<group>"; };
		A048B8522DE9253F00084546 /* ActionButton.swift */ = {isa = PBXFileReference; lastKnownFileType = sourcecode.swift; path = ActionButton.swift; sourceTree = "<group>"; };
		A048B8532DE9253F00084546 /* CompactNavButton.swift */ = {isa = PBXFileReference; lastKnownFileType = sourcecode.swift; path = CompactNavButton.swift; sourceTree = "<group>"; };
		A048B8542DE9253F00084546 /* MainButton.swift */ = {isa = PBXFileReference; lastKnownFileType = sourcecode.swift; path = MainButton.swift; sourceTree = "<group>"; };
		A048B8552DE9253F00084546 /* MainControlButton.swift */ = {isa = PBXFileReference; lastKnownFileType = sourcecode.swift; path = MainControlButton.swift; sourceTree = "<group>"; };
		A048B8562DE9253F00084546 /* PresetButton.swift */ = {isa = PBXFileReference; lastKnownFileType = sourcecode.swift; path = PresetButton.swift; sourceTree = "<group>"; };
		A048B8582DE9253F00084546 /* GoalProgressCard.swift */ = {isa = PBXFileReference; lastKnownFileType = sourcecode.swift; path = GoalProgressCard.swift; sourceTree = "<group>"; };
		A048B8592DE9253F00084546 /* MetricCard.swift */ = {isa = PBXFileReference; lastKnownFileType = sourcecode.swift; path = MetricCard.swift; sourceTree = "<group>"; };
		A048B85A2DE9253F00084546 /* PerformanceCard.swift */ = {isa = PBXFileReference; lastKnownFileType = sourcecode.swift; path = PerformanceCard.swift; sourceTree = "<group>"; };
		A048B85C2DE9253F00084546 /* ElapsedTimeView.swift */ = {isa = PBXFileReference; lastKnownFileType = sourcecode.swift; path = ElapsedTimeView.swift; sourceTree = "<group>"; };
		A048B85D2DE9253F00084546 /* InsightRow.swift */ = {isa = PBXFileReference; lastKnownFileType = sourcecode.swift; path = InsightRow.swift; sourceTree = "<group>"; };
		A048B85E2DE9253F00084546 /* IntensityIndicator.swift */ = {isa = PBXFileReference; lastKnownFileType = sourcecode.swift; path = IntensityIndicator.swift; sourceTree = "<group>"; };
		A048B8602DE9253F00084546 /* NumberPadView.swift */ = {isa = PBXFileReference; lastKnownFileType = sourcecode.swift; path = NumberPadView.swift; sourceTree = "<group>"; };
		A048B8622DE9253F00084546 /* NavigationControls.swift */ = {isa = PBXFileReference; lastKnownFileType = sourcecode.swift; path = NavigationControls.swift; sourceTree = "<group>"; };
		A048B8632DE9253F00084546 /* StepView.swift */ = {isa = PBXFileReference; lastKnownFileType = sourcecode.swift; path = StepView.swift; sourceTree = "<group>"; };
		A048B8652DE9253F00084546 /* CelebrationOverlay.swift */ = {isa = PBXFileReference; lastKnownFileType = sourcecode.swift; path = CelebrationOverlay.swift; sourceTree = "<group>"; };
		A048B8672DE9253F00084546 /* GoalProgressBar.swift */ = {isa = PBXFileReference; lastKnownFileType = sourcecode.swift; path = GoalProgressBar.swift; sourceTree = "<group>"; };
		A048B8682DE9253F00084546 /* ProgressBar.swift */ = {isa = PBXFileReference; lastKnownFileType = sourcecode.swift; path = ProgressBar.swift; sourceTree = "<group>"; };
		A048B86A2DE9253F00084546 /* README.md */ = {isa = PBXFileReference; lastKnownFileType = net.daringfireball.markdown; path = README.md; sourceTree = "<group>"; };
		A048B86C2DE9253F00084546 /* HealthKitPermissionView.swift */ = {isa = PBXFileReference; lastKnownFileType = sourcecode.swift; path = HealthKitPermissionView.swift; sourceTree = "<group>"; };
		A048B86D2DE9253F00084546 /* SettingsView.swift */ = {isa = PBXFileReference; lastKnownFileType = sourcecode.swift; path = SettingsView.swift; sourceTree = "<group>"; };
		A048B86F2DE9253F00084546 /* CalorieSetupView.swift */ = {isa = PBXFileReference; lastKnownFileType = sourcecode.swift; path = CalorieSetupView.swift; sourceTree = "<group>"; };
		A048B8702DE9253F00084546 /* DistanceSetupView.swift */ = {isa = PBXFileReference; lastKnownFileType = sourcecode.swift; path = DistanceSetupView.swift; sourceTree = "<group>"; };
		A048B8712DE9253F00084546 /* GoalSetupView.swift */ = {isa = PBXFileReference; lastKnownFileType = sourcecode.swift; path = GoalSetupView.swift; sourceTree = "<group>"; };
		A048B8722DE9253F00084546 /* TimeSetupView.swift */ = {isa = PBXFileReference; lastKnownFileType = sourcecode.swift; path = TimeSetupView.swift; sourceTree = "<group>"; };
		A048B8742DE9253F00084546 /* ActionButtonsSection.swift */ = {isa = PBXFileReference; lastKnownFileType = sourcecode.swift; path = ActionButtonsSection.swift; sourceTree = "<group>"; };
		A048B8752DE9253F00084546 /* CurrentGoalsDisplaySection.swift */ = {isa = PBXFileReference; lastKnownFileType = sourcecode.swift; path = CurrentGoalsDisplaySection.swift; sourceTree = "<group>"; };
		A048B8762DE9253F00084546 /* GoalBadgeView.swift */ = {isa = PBXFileReference; lastKnownFileType = sourcecode.swift; path = GoalBadgeView.swift; sourceTree = "<group>"; };
		A048B8772DE9253F00084546 /* GoalSetupButtonsSection.swift */ = {isa = PBXFileReference; lastKnownFileType = sourcecode.swift; path = GoalSetupButtonsSection.swift; sourceTree = "<group>"; };
		A048B8792DE9253F00084546 /* GoalSpacingConstants.swift */ = {isa = PBXFileReference; lastKnownFileType = sourcecode.swift; path = GoalSpacingConstants.swift; sourceTree = "<group>"; };
		A048B87A2DE9253F00084546 /* GoalSwimView.swift */ = {isa = PBXFileReference; lastKnownFileType = sourcecode.swift; path = GoalSwimView.swift; sourceTree = "<group>"; };
		A048B87C2DE9253F00084546 /* ImportSetView.swift */ = {isa = PBXFileReference; lastKnownFileType = sourcecode.swift; path = ImportSetView.swift; sourceTree = "<group>"; };
		A048B87D2DE9253F00084546 /* IndoorPoolSetupView.swift */ = {isa = PBXFileReference; lastKnownFileType = sourcecode.swift; path = IndoorPoolSetupView.swift; sourceTree = "<group>"; };
		A048B87E2DE9253F00084546 /* SwimSetupView.swift */ = {isa = PBXFileReference; lastKnownFileType = sourcecode.swift; path = SwimSetupView.swift; sourceTree = "<group>"; };
		A048B8802DE9253F00084546 /* GoalProgressHeader.swift */ = {isa = PBXFileReference; lastKnownFileType = sourcecode.swift; path = GoalProgressHeader.swift; sourceTree = "<group>"; };
		A048B8812DE9253F00084546 /* GoalProgressList.swift */ = {isa = PBXFileReference; lastKnownFileType = sourcecode.swift; path = GoalProgressList.swift; sourceTree = "<group>"; };
		A048B8832DE9253F00084546 /* GoalProgressView.swift */ = {isa = PBXFileReference; lastKnownFileType = sourcecode.swift; path = GoalProgressView.swift; sourceTree = "<group>"; };
		A048B8852DE9253F00084546 /* PrimaryMetricsSection.swift */ = {isa = PBXFileReference; lastKnownFileType = sourcecode.swift; path = PrimaryMetricsSection.swift; sourceTree = "<group>"; };
		A048B8862DE9253F00084546 /* SecondaryMetricsGrid.swift */ = {isa = PBXFileReference; lastKnownFileType = sourcecode.swift; path = SecondaryMetricsGrid.swift; sourceTree = "<group>"; };
		A048B8882DE9253F00084546 /* MetricsView.swift */ = {isa = PBXFileReference; lastKnownFileType = sourcecode.swift; path = MetricsView.swift; sourceTree = "<group>"; };
		A048B88A2DE9253F00084546 /* SetCompletionView.swift */ = {isa = PBXFileReference; lastKnownFileType = sourcecode.swift; path = SetCompletionView.swift; sourceTree = "<group>"; };
		A048B88B2DE9253F00084546 /* SetHeader.swift */ = {isa = PBXFileReference; lastKnownFileType = sourcecode.swift; path = SetHeader.swift; sourceTree = "<group>"; };
		A048B88D2DE9253F00084546 /* SetDisplayView.swift */ = {isa = PBXFileReference; lastKnownFileType = sourcecode.swift; path = SetDisplayView.swift; sourceTree = "<group>"; };
		A048B88F2DE9253F00084546 /* KeyMetricsSection.swift */ = {isa = PBXFileReference; lastKnownFileType = sourcecode.swift; path = KeyMetricsSection.swift; sourceTree = "<group>"; };
		A048B8902DE9253F00084546 /* LoadingView.swift */ = {isa = PBXFileReference; lastKnownFileType = sourcecode.swift; path = LoadingView.swift; sourceTree = "<group>"; };
		A048B8912DE9253F00084546 /* PerformanceInsightsSection.swift */ = {isa = PBXFileReference; lastKnownFileType = sourcecode.swift; path = PerformanceInsightsSection.swift; sourceTree = "<group>"; };
		A048B8922DE9253F00084546 /* SummaryFooter.swift */ = {isa = PBXFileReference; lastKnownFileType = sourcecode.swift; path = SummaryFooter.swift; sourceTree = "<group>"; };
		A048B8932DE9253F00084546 /* SummaryHeaderView.swift */ = {isa = PBXFileReference; lastKnownFileType = sourcecode.swift; path = SummaryHeaderView.swift; sourceTree = "<group>"; };
		A048B8952DE9253F00084546 /* SwimmingSummaryView.swift */ = {isa = PBXFileReference; lastKnownFileType = sourcecode.swift; path = SwimmingSummaryView.swift; sourceTree = "<group>"; };
		A048B8972DE9253F00084546 /* SwimControlsView.swift */ = {isa = PBXFileReference; lastKnownFileType = sourcecode.swift; path = SwimControlsView.swift; sourceTree = "<group>"; };
		A048B8992DE9253F00084546 /* SwimmingView.swift */ = {isa = PBXFileReference; lastKnownFileType = sourcecode.swift; path = SwimmingView.swift; sourceTree = "<group>"; };
		A048B89B2DE9253F00084546 /* HeaderSection.swift */ = {isa = PBXFileReference; lastKnownFileType = sourcecode.swift; path = HeaderSection.swift; sourceTree = "<group>"; };
		A048B89C2DE9253F00084546 /* HealthKitWarningSection.swift */ = {isa = PBXFileReference; lastKnownFileType = sourcecode.swift; path = HealthKitWarningSection.swift; sourceTree = "<group>"; };
		A048B89D2DE9253F00084546 /* NavigationButtonsSection.swift */ = {isa = PBXFileReference; lastKnownFileType = sourcecode.swift; path = NavigationButtonsSection.swift; sourceTree = "<group>"; };
		A048B89F2DE9253F00084546 /* WatchRootView.swift */ = {isa = PBXFileReference; lastKnownFileType = sourcecode.swift; path = WatchRootView.swift; sourceTree = "<group>"; };
		A07667AD2BF5E6C600FFB4C3 /* Manager.swift */ = {isa = PBXFileReference; fileEncoding = 4; lastKnownFileType = sourcecode.swift; path = Manager.swift; sourceTree = "<group>"; };
		A07667AE2BF5E6C600FFB4C3 /* WatchConnector.swift */ = {isa = PBXFileReference; fileEncoding = 4; lastKnownFileType = sourcecode.swift; path = WatchConnector.swift; sourceTree = "<group>"; };
		A08761762DC909FC00BD4402 /* README.md */ = {isa = PBXFileReference; lastKnownFileType = net.daringfireball.markdown; path = README.md; sourceTree = "<group>"; };
		A099848B2E2896F900D23117 /* DistanceChartCard.swift */ = {isa = PBXFileReference; lastKnownFileType = sourcecode.swift; path = DistanceChartCard.swift; sourceTree = "<group>"; };
		A099848C2E2896F900D23117 /* RecentActivityCard.swift */ = {isa = PBXFileReference; lastKnownFileType = sourcecode.swift; path = RecentActivityCard.swift; sourceTree = "<group>"; };
		A099848D2E2896F900D23117 /* SimpleMetricCard.swift */ = {isa = PBXFileReference; lastKnownFileType = sourcecode.swift; path = SimpleMetricCard.swift; sourceTree = "<group>"; };
		A099848E2E2896F900D23117 /* WeeklySummaryCard.swift */ = {isa = PBXFileReference; lastKnownFileType = sourcecode.swift; path = WeeklySummaryCard.swift; sourceTree = "<group>"; };
		A09984902E2896F900D23117 /* LapTimesChart.swift */ = {isa = PBXFileReference; lastKnownFileType = sourcecode.swift; path = LapTimesChart.swift; sourceTree = "<group>"; };
		A09984912E2896F900D23117 /* LineGraphView.swift */ = {isa = PBXFileReference; lastKnownFileType = sourcecode.swift; path = LineGraphView.swift; sourceTree = "<group>"; };
		A09984922E2896F900D23117 /* PaceGraphView.swift */ = {isa = PBXFileReference; lastKnownFileType = sourcecode.swift; path = PaceGraphView.swift; sourceTree = "<group>"; };
		A09984932E2896F900D23117 /* StrokeDistributionChart.swift */ = {isa = PBXFileReference; lastKnownFileType = sourcecode.swift; path = StrokeDistributionChart.swift; sourceTree = "<group>"; };
		A09984942E2896F900D23117 /* SwolfChart.swift */ = {isa = PBXFileReference; lastKnownFileType = sourcecode.swift; path = SwolfChart.swift; sourceTree = "<group>"; };
		A09984962E2896F900D23117 /* RecentSwimRow.swift */ = {isa = PBXFileReference; lastKnownFileType = sourcecode.swift; path = RecentSwimRow.swift; sourceTree = "<group>"; };
		A09984972E2896F900D23117 /* SimpleLapRow.swift */ = {isa = PBXFileReference; lastKnownFileType = sourcecode.swift; path = SimpleLapRow.swift; sourceTree = "<group>"; };
		A09984982E2896F900D23117 /* StatColumn.swift */ = {isa = PBXFileReference; lastKnownFileType = sourcecode.swift; path = StatColumn.swift; sourceTree = "<group>"; };
		A09984992E2896F900D23117 /* SummaryMetricItem.swift */ = {isa = PBXFileReference; lastKnownFileType = sourcecode.swift; path = SummaryMetricItem.swift; sourceTree = "<group>"; };
		A099849E2E2896F900D23117 /* HomePage.swift */ = {isa = PBXFileReference; lastKnownFileType = sourcecode.swift; path = HomePage.swift; sourceTree = "<group>"; };
		A09984A02E2896F900D23117 /* RootView.swift */ = {isa = PBXFileReference; lastKnownFileType = sourcecode.swift; path = RootView.swift; sourceTree = "<group>"; };
		A09984A22E2896F900D23117 /* HealthKitPermissionView.swift */ = {isa = PBXFileReference; lastKnownFileType = sourcecode.swift; path = HealthKitPermissionView.swift; sourceTree = "<group>"; };
		A09984A32E2896F900D23117 /* PreferencesView.swift */ = {isa = PBXFileReference; lastKnownFileType = sourcecode.swift; path = PreferencesView.swift; sourceTree = "<group>"; };
		A09984A42E2896F900D23117 /* ProfilePage.swift */ = {isa = PBXFileReference; lastKnownFileType = sourcecode.swift; path = ProfilePage.swift; sourceTree = "<group>"; };
		A09984A52E2896F900D23117 /* SettingsView.swift */ = {isa = PBXFileReference; lastKnownFileType = sourcecode.swift; path = SettingsView.swift; sourceTree = "<group>"; };
		A09984A72E2896F900D23117 /* SwimListItemView.swift */ = {isa = PBXFileReference; lastKnownFileType = sourcecode.swift; path = SwimListItemView.swift; sourceTree = "<group>"; };
		A09984A92E2896F900D23117 /* LogbookView.swift */ = {isa = PBXFileReference; lastKnownFileType = sourcecode.swift; path = LogbookView.swift; sourceTree = "<group>"; };
		A09984AB2E2896F900D23117 /* SetDetailView.swift */ = {isa = PBXFileReference; lastKnownFileType = sourcecode.swift; path = SetDetailView.swift; sourceTree = "<group>"; };
		A09984AC2E2896F900D23117 /* SetPage.swift */ = {isa = PBXFileReference; lastKnownFileType = sourcecode.swift; path = SetPage.swift; sourceTree = "<group>"; };
		A09984AD2E2896F900D23117 /* SetSummaryView.swift */ = {isa = PBXFileReference; lastKnownFileType = sourcecode.swift; path = SetSummaryView.swift; sourceTree = "<group>"; };
		A09984B02E2896F900D23117 /* ChartsSection.swift */ = {isa = PBXFileReference; lastKnownFileType = sourcecode.swift; path = ChartsSection.swift; sourceTree = "<group>"; };
		A09984B12E2896F900D23117 /* KeyMetricsGrid.swift */ = {isa = PBXFileReference; lastKnownFileType = sourcecode.swift; path = KeyMetricsGrid.swift; sourceTree = "<group>"; };
		A09984B22E2896F900D23117 /* LapDetailsSection.swift */ = {isa = PBXFileReference; lastKnownFileType = sourcecode.swift; path = LapDetailsSection.swift; sourceTree = "<group>"; };
		A09984B32E2896F900D23117 /* WorkoutHeaderCard.swift */ = {isa = PBXFileReference; lastKnownFileType = sourcecode.swift; path = WorkoutHeaderCard.swift; sourceTree = "<group>"; };
		A09984B52E2896F900D23117 /* WorkoutView.swift */ = {isa = PBXFileReference; lastKnownFileType = sourcecode.swift; path = WorkoutView.swift; sourceTree = "<group>"; };
		A0BFB9FD2DDD7C3C002B96A8 /* Preview Assets.xcassets */ = {isa = PBXFileReference; lastKnownFileType = folder.assetcatalog; path = "Preview Assets.xcassets"; sourceTree = "<group>"; };
		A0BFB9FF2DDD7C3C002B96A8 /* NavState.swift */ = {isa = PBXFileReference; lastKnownFileType = sourcecode.swift; path = NavState.swift; sourceTree = "<group>"; };
		A0BFBA1F2DDD7C3C002B96A8 /* Assets.xcassets */ = {isa = PBXFileReference; lastKnownFileType = folder.assetcatalog; path = Assets.xcassets; sourceTree = "<group>"; };
		A0BFBA202DDD7C3C002B96A8 /* WatchSwimMate Watch App.entitlements */ = {isa = PBXFileReference; lastKnownFileType = text.plist.entitlements; path = "WatchSwimMate Watch App.entitlements"; sourceTree = "<group>"; };
		A0BFBA212DDD7C3C002B96A8 /* WatchSwimMateApp.swift */ = {isa = PBXFileReference; lastKnownFileType = sourcecode.swift; path = WatchSwimMateApp.swift; sourceTree = "<group>"; };
		A0C0505F2BCC5D7A002450AD /* SwimMateApp.swift */ = {isa = PBXFileReference; lastKnownFileType = sourcecode.swift; path = SwimMateApp.swift; sourceTree = "<group>"; };
		A0C050632BCC5D7B002450AD /* Assets.xcassets */ = {isa = PBXFileReference; lastKnownFileType = folder.assetcatalog; path = Assets.xcassets; sourceTree = "<group>"; };
		A0C050662BCC5D7B002450AD /* Preview Assets.xcassets */ = {isa = PBXFileReference; lastKnownFileType = folder.assetcatalog; path = "Preview Assets.xcassets"; sourceTree = "<group>"; };
		A0C050922BCC5E41002450AD /* SwimMate.entitlements */ = {isa = PBXFileReference; lastKnownFileType = text.plist.entitlements; path = SwimMate.entitlements; sourceTree = "<group>"; };
		A0C050932BCC65A3002450AD /* Info.plist */ = {isa = PBXFileReference; lastKnownFileType = text.plist.xml; path = Info.plist; sourceTree = "<group>"; };
		A0F0C7D12BDF7C5F00AF6D5B /* SwimMate.app */ = {isa = PBXFileReference; explicitFileType = wrapper.application; includeInIndex = 0; path = SwimMate.app; sourceTree = BUILT_PRODUCTS_DIR; };
		A0F0C7D42BDF7C5F00AF6D5B /* WatchSwimMate Watch App.app */ = {isa = PBXFileReference; explicitFileType = wrapper.application; includeInIndex = 0; path = "WatchSwimMate Watch App.app"; sourceTree = BUILT_PRODUCTS_DIR; };
		A0F6A70B2DE7E697005B7291 /* GoalType.swift */ = {isa = PBXFileReference; lastKnownFileType = sourcecode.swift; path = GoalType.swift; sourceTree = "<group>"; };
		A0F6A71D2DE7EF8A005B7291 /* toiOSWatchConnector.swift */ = {isa = PBXFileReference; lastKnownFileType = sourcecode.swift; path = toiOSWatchConnector.swift; sourceTree = "<group>"; };
		A0F6A71E2DE7EF8A005B7291 /* WatchManager.swift */ = {isa = PBXFileReference; lastKnownFileType = sourcecode.swift; path = WatchManager.swift; sourceTree = "<group>"; };
		A0F6A71F2DE7EF8A005B7291 /* WatchManager+Delegates.swift */ = {isa = PBXFileReference; lastKnownFileType = sourcecode.swift; path = "WatchManager+Delegates.swift"; sourceTree = "<group>"; };
		A0F6A7202DE7EF8A005B7291 /* WatchManager+Goals.swift */ = {isa = PBXFileReference; lastKnownFileType = sourcecode.swift; path = "WatchManager+Goals.swift"; sourceTree = "<group>"; };
		A0F6A7212DE7EF8A005B7291 /* WatchManager+HealthKit.swift */ = {isa = PBXFileReference; lastKnownFileType = sourcecode.swift; path = "WatchManager+HealthKit.swift"; sourceTree = "<group>"; };
		A0F6A7222DE7EF8A005B7291 /* WatchManager+Statistics.swift */ = {isa = PBXFileReference; lastKnownFileType = sourcecode.swift; path = "WatchManager+Statistics.swift"; sourceTree = "<group>"; };
		A0F6A7232DE7EF8A005B7291 /* WatchManager+Timer.swift */ = {isa = PBXFileReference; lastKnownFileType = sourcecode.swift; path = "WatchManager+Timer.swift"; sourceTree = "<group>"; };
		A0F6A7242DE7EF8A005B7291 /* WatchManager+Workout.swift */ = {isa = PBXFileReference; lastKnownFileType = sourcecode.swift; path = "WatchManager+Workout.swift"; sourceTree = "<group>"; };
		A0FB9E312BDF7C1F00F39829 /* WatchConnectivity.framework */ = {isa = PBXFileReference; lastKnownFileType = wrapper.framework; name = WatchConnectivity.framework; path = System/Library/Frameworks/WatchConnectivity.framework; sourceTree = SDKROOT; };
/* End PBXFileReference section */

/* Begin PBXFrameworksBuildPhase section */
		A0C050592BCC5D7A002450AD /* Frameworks */ = {
			isa = PBXFrameworksBuildPhase;
			buildActionMask = 2147483647;
			files = (
				A0FB9E322BDF7C1F00F39829 /* WatchConnectivity.framework in Frameworks */,
			);
			runOnlyForDeploymentPostprocessing = 0;
		};
		A0D5BAF02BDC9318004D9B9C /* Frameworks */ = {
			isa = PBXFrameworksBuildPhase;
			buildActionMask = 2147483647;
			files = (
			);
			runOnlyForDeploymentPostprocessing = 0;
		};
/* End PBXFrameworksBuildPhase section */

/* Begin PBXGroup section */
		A02F8F412E296011006CC3E5 /* Sets */ = {
			isa = PBXGroup;
			children = (
				A02F8F3E2E296011006CC3E5 /* SetComponent.swift */,
				A02F8F3F2E296011006CC3E5 /* SwimSet.swift */,
				A02F8F402E296011006CC3E5 /* SwimSetExamples.swift */,
			);
			path = Sets;
			sourceTree = "<group>";
		};
		A02F8F452E296011006CC3E5 /* Types */ = {
			isa = PBXGroup;
			children = (
				A02F8F422E296011006CC3E5 /* MeasureUnit.swift */,
				A02F8F432E296011006CC3E5 /* SwimStroke.swift */,
				A02F8F442E296011006CC3E5 /* SwimmingLocationType.swift */,
			);
			path = Types;
			sourceTree = "<group>";
		};
		A02F8F492E296011006CC3E5 /* Workout */ = {
			isa = PBXGroup;
			children = (
				A02F8F462E296011006CC3E5 /* Lap.swift */,
				A02F8F472E296011006CC3E5 /* LapGroup.swift */,
				A02F8F482E296011006CC3E5 /* Swim.swift */,
			);
			path = Workout;
			sourceTree = "<group>";
		};
		A02F8F4A2E296011006CC3E5 /* Model */ = {
			isa = PBXGroup;
			children = (
				A02F8F412E296011006CC3E5 /* Sets */,
				A02F8F452E296011006CC3E5 /* Types */,
				A02F8F492E296011006CC3E5 /* Workout */,
			);
			path = Model;
			sourceTree = "<group>";
		};
		A048B8572DE9253F00084546 /* Buttons */ = {
			isa = PBXGroup;
			children = (
				A048B8522DE9253F00084546 /* ActionButton.swift */,
				A048B8532DE9253F00084546 /* CompactNavButton.swift */,
				A048B8542DE9253F00084546 /* MainButton.swift */,
				A048B8552DE9253F00084546 /* MainControlButton.swift */,
				A048B8562DE9253F00084546 /* PresetButton.swift */,
			);
			path = Buttons;
			sourceTree = "<group>";
		};
		A048B85B2DE9253F00084546 /* Cards */ = {
			isa = PBXGroup;
			children = (
				A048B8582DE9253F00084546 /* GoalProgressCard.swift */,
				A048B8592DE9253F00084546 /* MetricCard.swift */,
				A048B85A2DE9253F00084546 /* PerformanceCard.swift */,
			);
			path = Cards;
			sourceTree = "<group>";
		};
		A048B85F2DE9253F00084546 /* Display */ = {
			isa = PBXGroup;
			children = (
				A048B85C2DE9253F00084546 /* ElapsedTimeView.swift */,
				A048B85D2DE9253F00084546 /* InsightRow.swift */,
				A048B85E2DE9253F00084546 /* IntensityIndicator.swift */,
			);
			path = Display;
			sourceTree = "<group>";
		};
		A048B8612DE9253F00084546 /* Input */ = {
			isa = PBXGroup;
			children = (
				A048B8602DE9253F00084546 /* NumberPadView.swift */,
			);
			path = Input;
			sourceTree = "<group>";
		};
		A048B8642DE9253F00084546 /* Navigation */ = {
			isa = PBXGroup;
			children = (
				A048B8622DE9253F00084546 /* NavigationControls.swift */,
				A048B8632DE9253F00084546 /* StepView.swift */,
			);
			path = Navigation;
			sourceTree = "<group>";
		};
		A048B8662DE9253F00084546 /* Overlays */ = {
			isa = PBXGroup;
			children = (
				A048B8652DE9253F00084546 /* CelebrationOverlay.swift */,
			);
			path = Overlays;
			sourceTree = "<group>";
		};
		A048B8692DE9253F00084546 /* Progress */ = {
			isa = PBXGroup;
			children = (
				A048B8672DE9253F00084546 /* GoalProgressBar.swift */,
				A048B8682DE9253F00084546 /* ProgressBar.swift */,
			);
			path = Progress;
			sourceTree = "<group>";
		};
		A048B86B2DE9253F00084546 /* Components */ = {
			isa = PBXGroup;
			children = (
				A048B8572DE9253F00084546 /* Buttons */,
				A048B85B2DE9253F00084546 /* Cards */,
				A048B85F2DE9253F00084546 /* Display */,
				A048B8612DE9253F00084546 /* Input */,
				A048B8642DE9253F00084546 /* Navigation */,
				A048B8662DE9253F00084546 /* Overlays */,
				A048B8692DE9253F00084546 /* Progress */,
				A048B86A2DE9253F00084546 /* README.md */,
			);
			path = Components;
			sourceTree = "<group>";
		};
		A048B86E2DE9253F00084546 /* SettingsView */ = {
			isa = PBXGroup;
			children = (
				A048B86C2DE9253F00084546 /* HealthKitPermissionView.swift */,
				A048B86D2DE9253F00084546 /* SettingsView.swift */,
			);
			path = SettingsView;
			sourceTree = "<group>";
		};
		A048B8732DE9253F00084546 /* SetupViews */ = {
			isa = PBXGroup;
			children = (
				A048B86F2DE9253F00084546 /* CalorieSetupView.swift */,
				A048B8702DE9253F00084546 /* DistanceSetupView.swift */,
				A048B8712DE9253F00084546 /* GoalSetupView.swift */,
				A048B8722DE9253F00084546 /* TimeSetupView.swift */,
			);
			path = SetupViews;
			sourceTree = "<group>";
		};
		A048B8782DE9253F00084546 /* Sections */ = {
			isa = PBXGroup;
			children = (
				A048B8732DE9253F00084546 /* SetupViews */,
				A048B8742DE9253F00084546 /* ActionButtonsSection.swift */,
				A048B8752DE9253F00084546 /* CurrentGoalsDisplaySection.swift */,
				A048B8762DE9253F00084546 /* GoalBadgeView.swift */,
				A048B8772DE9253F00084546 /* GoalSetupButtonsSection.swift */,
			);
			path = Sections;
			sourceTree = "<group>";
		};
		A048B87B2DE9253F00084546 /* GoalViews */ = {
			isa = PBXGroup;
			children = (
				A048B8782DE9253F00084546 /* Sections */,
				A048B8792DE9253F00084546 /* GoalSpacingConstants.swift */,
				A048B87A2DE9253F00084546 /* GoalSwimView.swift */,
			);
			path = GoalViews;
			sourceTree = "<group>";
		};
		A048B87F2DE9253F00084546 /* SwimSetup */ = {
			isa = PBXGroup;
			children = (
				A048B87B2DE9253F00084546 /* GoalViews */,
				A048B87C2DE9253F00084546 /* ImportSetView.swift */,
				A048B87D2DE9253F00084546 /* IndoorPoolSetupView.swift */,
				A048B87E2DE9253F00084546 /* SwimSetupView.swift */,
			);
			path = SwimSetup;
			sourceTree = "<group>";
		};
		A048B8822DE9253F00084546 /* Sections */ = {
			isa = PBXGroup;
			children = (
				A048B8802DE9253F00084546 /* GoalProgressHeader.swift */,
				A048B8812DE9253F00084546 /* GoalProgressList.swift */,
			);
			path = Sections;
			sourceTree = "<group>";
		};
		A048B8842DE9253F00084546 /* GoalDisplayView */ = {
			isa = PBXGroup;
			children = (
				A048B8822DE9253F00084546 /* Sections */,
				A048B8832DE9253F00084546 /* GoalProgressView.swift */,
			);
			path = GoalDisplayView;
			sourceTree = "<group>";
		};
		A048B8872DE9253F00084546 /* Sections */ = {
			isa = PBXGroup;
			children = (
				A048B8852DE9253F00084546 /* PrimaryMetricsSection.swift */,
				A048B8862DE9253F00084546 /* SecondaryMetricsGrid.swift */,
			);
			path = Sections;
			sourceTree = "<group>";
		};
		A048B8892DE9253F00084546 /* MetricsView */ = {
			isa = PBXGroup;
			children = (
				A048B8872DE9253F00084546 /* Sections */,
				A048B8882DE9253F00084546 /* MetricsView.swift */,
			);
			path = MetricsView;
			sourceTree = "<group>";
		};
		A048B88C2DE9253F00084546 /* Sections */ = {
			isa = PBXGroup;
			children = (
				A048B88A2DE9253F00084546 /* SetCompletionView.swift */,
				A048B88B2DE9253F00084546 /* SetHeader.swift */,
			);
			path = Sections;
			sourceTree = "<group>";
		};
		A048B88E2DE9253F00084546 /* SetDisplayView */ = {
			isa = PBXGroup;
			children = (
				A048B88C2DE9253F00084546 /* Sections */,
				A048B88D2DE9253F00084546 /* SetDisplayView.swift */,
			);
			path = SetDisplayView;
			sourceTree = "<group>";
		};
		A048B8942DE9253F00084546 /* Sections */ = {
			isa = PBXGroup;
			children = (
				A048B88F2DE9253F00084546 /* KeyMetricsSection.swift */,
				A048B8902DE9253F00084546 /* LoadingView.swift */,
				A048B8912DE9253F00084546 /* PerformanceInsightsSection.swift */,
				A048B8922DE9253F00084546 /* SummaryFooter.swift */,
				A048B8932DE9253F00084546 /* SummaryHeaderView.swift */,
			);
			path = Sections;
			sourceTree = "<group>";
		};
		A048B8962DE9253F00084546 /* SummaryView */ = {
			isa = PBXGroup;
			children = (
				A048B8942DE9253F00084546 /* Sections */,
				A048B8952DE9253F00084546 /* SwimmingSummaryView.swift */,
			);
			path = SummaryView;
			sourceTree = "<group>";
		};
		A048B8982DE9253F00084546 /* SwimControlsview */ = {
			isa = PBXGroup;
			children = (
				A048B8972DE9253F00084546 /* SwimControlsView.swift */,
			);
			path = SwimControlsview;
			sourceTree = "<group>";
		};
		A048B89A2DE9253F00084546 /* SwimViews */ = {
			isa = PBXGroup;
			children = (
				A048B8842DE9253F00084546 /* GoalDisplayView */,
				A048B8892DE9253F00084546 /* MetricsView */,
				A048B88E2DE9253F00084546 /* SetDisplayView */,
				A048B8962DE9253F00084546 /* SummaryView */,
				A048B8982DE9253F00084546 /* SwimControlsview */,
				A048B8992DE9253F00084546 /* SwimmingView.swift */,
			);
			path = SwimViews;
			sourceTree = "<group>";
		};
		A048B89E2DE9253F00084546 /* Sections */ = {
			isa = PBXGroup;
			children = (
				A048B89B2DE9253F00084546 /* HeaderSection.swift */,
				A048B89C2DE9253F00084546 /* HealthKitWarningSection.swift */,
				A048B89D2DE9253F00084546 /* NavigationButtonsSection.swift */,
			);
			path = Sections;
			sourceTree = "<group>";
		};
		A048B8A02DE9253F00084546 /* WatchRootView */ = {
			isa = PBXGroup;
			children = (
				A048B89E2DE9253F00084546 /* Sections */,
				A048B89F2DE9253F00084546 /* WatchRootView.swift */,
			);
			path = WatchRootView;
			sourceTree = "<group>";
		};
		A048B8A12DE9253F00084546 /* WatchViews */ = {
			isa = PBXGroup;
			children = (
				A048B86B2DE9253F00084546 /* Components */,
				A048B86E2DE9253F00084546 /* SettingsView */,
				A048B87F2DE9253F00084546 /* SwimSetup */,
				A048B89A2DE9253F00084546 /* SwimViews */,
				A048B8A02DE9253F00084546 /* WatchRootView */,
			);
			path = WatchViews;
			sourceTree = "<group>";
		};
		A07667AF2BF5E6C600FFB4C3 /* ViewModel */ = {
			isa = PBXGroup;
			children = (
				A02F8F632E299FDD006CC3E5 /* Manager+SetFiltering.swift */,
				A02F8F5F2E299F35006CC3E5 /* Manager+Convenience.swift */,
				A07667AD2BF5E6C600FFB4C3 /* Manager.swift */,
				A07667AE2BF5E6C600FFB4C3 /* WatchConnector.swift */,
			);
			name = ViewModel;
			path = SwimMate/ViewModel;
			sourceTree = SOURCE_ROOT;
		};
		A099848F2E2896F900D23117 /* Cards */ = {
			isa = PBXGroup;
			children = (
				A099848B2E2896F900D23117 /* DistanceChartCard.swift */,
				A099848C2E2896F900D23117 /* RecentActivityCard.swift */,
				A099848D2E2896F900D23117 /* SimpleMetricCard.swift */,
				A099848E2E2896F900D23117 /* WeeklySummaryCard.swift */,
			);
			path = Cards;
			sourceTree = "<group>";
		};
		A09984952E2896F900D23117 /* Charts */ = {
			isa = PBXGroup;
			children = (
				A09984902E2896F900D23117 /* LapTimesChart.swift */,
				A09984912E2896F900D23117 /* LineGraphView.swift */,
				A09984922E2896F900D23117 /* PaceGraphView.swift */,
				A09984932E2896F900D23117 /* StrokeDistributionChart.swift */,
				A09984942E2896F900D23117 /* SwolfChart.swift */,
			);
			path = Charts;
			sourceTree = "<group>";
		};
		A099849A2E2896F900D23117 /* Display */ = {
			isa = PBXGroup;
			children = (
				A09984962E2896F900D23117 /* RecentSwimRow.swift */,
				A09984972E2896F900D23117 /* SimpleLapRow.swift */,
				A09984982E2896F900D23117 /* StatColumn.swift */,
				A09984992E2896F900D23117 /* SummaryMetricItem.swift */,
			);
			path = Display;
			sourceTree = "<group>";
		};
		A099849D2E2896F900D23117 /* Components */ = {
			isa = PBXGroup;
			children = (
				A099848F2E2896F900D23117 /* Cards */,
				A09984952E2896F900D23117 /* Charts */,
				A099849A2E2896F900D23117 /* Display */,
			);
			path = Components;
			sourceTree = "<group>";
		};
		A099849F2E2896F900D23117 /* HomeView */ = {
			isa = PBXGroup;
			children = (
				A099849E2E2896F900D23117 /* HomePage.swift */,
			);
			path = HomeView;
			sourceTree = "<group>";
		};
		A09984A12E2896F900D23117 /* RootView */ = {
			isa = PBXGroup;
			children = (
				A09984A02E2896F900D23117 /* RootView.swift */,
			);
			path = RootView;
			sourceTree = "<group>";
		};
		A09984A62E2896F900D23117 /* SettingsView */ = {
			isa = PBXGroup;
			children = (
				A09984A22E2896F900D23117 /* HealthKitPermissionView.swift */,
				A09984A32E2896F900D23117 /* PreferencesView.swift */,
				A09984A42E2896F900D23117 /* ProfilePage.swift */,
				A09984A52E2896F900D23117 /* SettingsView.swift */,
			);
			path = SettingsView;
			sourceTree = "<group>";
		};
		A09984A82E2896F900D23117 /* components */ = {
			isa = PBXGroup;
			children = (
				A09984A72E2896F900D23117 /* SwimListItemView.swift */,
			);
			path = components;
			sourceTree = "<group>";
		};
		A09984AA2E2896F900D23117 /* LogbookView */ = {
			isa = PBXGroup;
			children = (
				A09984A82E2896F900D23117 /* components */,
				A09984A92E2896F900D23117 /* LogbookView.swift */,
			);
			path = LogbookView;
			sourceTree = "<group>";
		};
		A09984AE2E2896F900D23117 /* SetView */ = {
			isa = PBXGroup;
			children = (
				A02F8F612E299F5F006CC3E5 /* FilterSheetView.swift */,
				A09984AB2E2896F900D23117 /* SetDetailView.swift */,
				A09984AC2E2896F900D23117 /* SetPage.swift */,
				A09984AD2E2896F900D23117 /* SetSummaryView.swift */,
			);
			path = SetView;
			sourceTree = "<group>";
		};
		A09984AF2E2896F900D23117 /* components */ = {
			isa = PBXGroup;
			children = (
			);
			path = components;
			sourceTree = "<group>";
		};
		A09984B42E2896F900D23117 /* Sections */ = {
			isa = PBXGroup;
			children = (
				A09984B02E2896F900D23117 /* ChartsSection.swift */,
				A09984B12E2896F900D23117 /* KeyMetricsGrid.swift */,
				A09984B22E2896F900D23117 /* LapDetailsSection.swift */,
				A09984B32E2896F900D23117 /* WorkoutHeaderCard.swift */,
			);
			path = Sections;
			sourceTree = "<group>";
		};
		A09984B62E2896F900D23117 /* WorkoutView */ = {
			isa = PBXGroup;
			children = (
				A09984AF2E2896F900D23117 /* components */,
				A09984B42E2896F900D23117 /* Sections */,
				A09984B52E2896F900D23117 /* WorkoutView.swift */,
			);
			path = WorkoutView;
			sourceTree = "<group>";
		};
		A09984B72E2896F900D23117 /* SwimViews */ = {
			isa = PBXGroup;
			children = (
				A09984AA2E2896F900D23117 /* LogbookView */,
				A09984AE2E2896F900D23117 /* SetView */,
				A09984B62E2896F900D23117 /* WorkoutView */,
			);
			path = SwimViews;
			sourceTree = "<group>";
		};
		A09984B82E2896F900D23117 /* iOSViews */ = {
			isa = PBXGroup;
			children = (
				A099849D2E2896F900D23117 /* Components */,
				A099849F2E2896F900D23117 /* HomeView */,
				A09984A12E2896F900D23117 /* RootView */,
				A09984A62E2896F900D23117 /* SettingsView */,
				A09984B72E2896F900D23117 /* SwimViews */,
			);
			path = iOSViews;
			sourceTree = "<group>";
		};
		A0BFB9FE2DDD7C3C002B96A8 /* Preview Content */ = {
			isa = PBXGroup;
			children = (
				A0BFB9FD2DDD7C3C002B96A8 /* Preview Assets.xcassets */,
			);
			path = "Preview Content";
			sourceTree = "<group>";
		};
		A0BFBA002DDD7C3C002B96A8 /* WatchModel */ = {
			isa = PBXGroup;
			children = (
				A0F6A70B2DE7E697005B7291 /* GoalType.swift */,
				A0BFB9FF2DDD7C3C002B96A8 /* NavState.swift */,
			);
			path = WatchModel;
			sourceTree = "<group>";
		};
		A0BFBA032DDD7C3C002B96A8 /* WatchViewModel */ = {
			isa = PBXGroup;
			children = (
				A0F6A71D2DE7EF8A005B7291 /* toiOSWatchConnector.swift */,
				A0F6A71E2DE7EF8A005B7291 /* WatchManager.swift */,
				A0F6A71F2DE7EF8A005B7291 /* WatchManager+Delegates.swift */,
				A0F6A7202DE7EF8A005B7291 /* WatchManager+Goals.swift */,
				A0F6A7212DE7EF8A005B7291 /* WatchManager+HealthKit.swift */,
				A0F6A7222DE7EF8A005B7291 /* WatchManager+Statistics.swift */,
				A0F6A7232DE7EF8A005B7291 /* WatchManager+Timer.swift */,
				A0F6A7242DE7EF8A005B7291 /* WatchManager+Workout.swift */,
			);
			path = WatchViewModel;
			sourceTree = "<group>";
		};
		A0BFBA222DDD7C3C002B96A8 /* WatchSwimMate Watch App */ = {
			isa = PBXGroup;
			children = (
				A0BFB9FE2DDD7C3C002B96A8 /* Preview Content */,
				A0BFBA002DDD7C3C002B96A8 /* WatchModel */,
				A0BFBA032DDD7C3C002B96A8 /* WatchViewModel */,
				A048B8A12DE9253F00084546 /* WatchViews */,
				A0BFBA1F2DDD7C3C002B96A8 /* Assets.xcassets */,
				A0BFBA202DDD7C3C002B96A8 /* WatchSwimMate Watch App.entitlements */,
				A0BFBA212DDD7C3C002B96A8 /* WatchSwimMateApp.swift */,
			);
			path = "WatchSwimMate Watch App";
			sourceTree = "<group>";
		};
		A0C050532BCC5D7A002450AD = {
			isa = PBXGroup;
			children = (
				A08761762DC909FC00BD4402 /* README.md */,
				A0C0505E2BCC5D7A002450AD /* SwimMate */,
				A0BFBA222DDD7C3C002B96A8 /* WatchSwimMate Watch App */,
				A0D5BAEA2BDC90E5004D9B9C /* Frameworks */,
				A0F0C7D12BDF7C5F00AF6D5B /* SwimMate.app */,
				A0F0C7D42BDF7C5F00AF6D5B /* WatchSwimMate Watch App.app */,
			);
			sourceTree = "<group>";
		};
		A0C0505E2BCC5D7A002450AD /* SwimMate */ = {
			isa = PBXGroup;
			children = (
				A0C050932BCC65A3002450AD /* Info.plist */,
				A0C050922BCC5E41002450AD /* SwimMate.entitlements */,
				A0C0505F2BCC5D7A002450AD /* SwimMateApp.swift */,
				A09984B82E2896F900D23117 /* iOSViews */,
				A07667AF2BF5E6C600FFB4C3 /* ViewModel */,
				A02F8F4A2E296011006CC3E5 /* Model */,
				A0C050632BCC5D7B002450AD /* Assets.xcassets */,
				A0C050652BCC5D7B002450AD /* Preview Content */,
			);
			path = SwimMate;
			sourceTree = "<group>";
		};
		A0C050652BCC5D7B002450AD /* Preview Content */ = {
			isa = PBXGroup;
			children = (
				A0C050662BCC5D7B002450AD /* Preview Assets.xcassets */,
			);
			path = "Preview Content";
			sourceTree = "<group>";
		};
		A0D5BAEA2BDC90E5004D9B9C /* Frameworks */ = {
			isa = PBXGroup;
			children = (
				A0FB9E312BDF7C1F00F39829 /* WatchConnectivity.framework */,
			);
			name = Frameworks;
			sourceTree = "<group>";
		};
/* End PBXGroup section */

/* Begin PBXNativeTarget section */
		A0C0505B2BCC5D7A002450AD /* SwimMate */ = {
			isa = PBXNativeTarget;
			buildConfigurationList = A0C050802BCC5D7B002450AD /* Build configuration list for PBXNativeTarget "SwimMate" */;
			buildPhases = (
				A0C050582BCC5D7A002450AD /* Sources */,
				A0C050592BCC5D7A002450AD /* Frameworks */,
				A0C0505A2BCC5D7A002450AD /* Resources */,
				A095AA162BD6E5D50097884B /* Embed Watch Content */,
			);
			buildRules = (
			);
			dependencies = (
				A0F0C8172BDF84A200AF6D5B /* PBXTargetDependency */,
				A004E5202BE005DE008D3F11 /* PBXTargetDependency */,
			);
			name = SwimMate;
			productName = SwimMate;
			productReference = A0F0C7D12BDF7C5F00AF6D5B /* SwimMate.app */;
			productType = "com.apple.product-type.application";
		};
		A0D5BAF22BDC9318004D9B9C /* WatchSwimMate Watch App */ = {
			isa = PBXNativeTarget;
			buildConfigurationList = A0D5BB182BDC9319004D9B9C /* Build configuration list for PBXNativeTarget "WatchSwimMate Watch App" */;
			buildPhases = (
				A0D5BAEF2BDC9318004D9B9C /* Sources */,
				A0D5BAF02BDC9318004D9B9C /* Frameworks */,
				A0D5BAF12BDC9318004D9B9C /* Resources */,
			);
			buildRules = (
			);
			dependencies = (
			);
			name = "WatchSwimMate Watch App";
			productName = "WatchSwimMate Watch App";
			productReference = A0F0C7D42BDF7C5F00AF6D5B /* WatchSwimMate Watch App.app */;
			productType = "com.apple.product-type.application";
		};
/* End PBXNativeTarget section */

/* Begin PBXProject section */
		A0C050542BCC5D7A002450AD /* Project object */ = {
			isa = PBXProject;
			attributes = {
				BuildIndependentTargetsInParallel = 1;
				LastSwiftUpdateCheck = 1530;
				LastUpgradeCheck = 1630;
				TargetAttributes = {
					A0C0505B2BCC5D7A002450AD = {
						CreatedOnToolsVersion = 15.3;
					};
					A0D5BAF22BDC9318004D9B9C = {
						CreatedOnToolsVersion = 15.3;
					};
				};
			};
			buildConfigurationList = A0C050572BCC5D7A002450AD /* Build configuration list for PBXProject "SwimMate" */;
			compatibilityVersion = "Xcode 14.0";
			developmentRegion = en;
			hasScannedForEncodings = 0;
			knownRegions = (
				en,
				Base,
			);
			mainGroup = A0C050532BCC5D7A002450AD;
			productRefGroup = A0C050532BCC5D7A002450AD;
			projectDirPath = "";
			projectRoot = "";
			targets = (
				A0C0505B2BCC5D7A002450AD /* SwimMate */,
				A0D5BAF22BDC9318004D9B9C /* WatchSwimMate Watch App */,
			);
		};
/* End PBXProject section */

/* Begin PBXResourcesBuildPhase section */
		A0C0505A2BCC5D7A002450AD /* Resources */ = {
			isa = PBXResourcesBuildPhase;
			buildActionMask = 2147483647;
			files = (
				A0C050672BCC5D7B002450AD /* Preview Assets.xcassets in Resources */,
				A08761772DC90A0000BD4402 /* README.md in Resources */,
				A0C050642BCC5D7B002450AD /* Assets.xcassets in Resources */,
			);
			runOnlyForDeploymentPostprocessing = 0;
		};
		A0D5BAF12BDC9318004D9B9C /* Resources */ = {
			isa = PBXResourcesBuildPhase;
			buildActionMask = 2147483647;
			files = (
				A048B8D72DE9253F00084546 /* README.md in Resources */,
				A0BFBA232DDD7C3C002B96A8 /* Assets.xcassets in Resources */,
				A0BFBA242DDD7C3C002B96A8 /* Preview Assets.xcassets in Resources */,
			);
			runOnlyForDeploymentPostprocessing = 0;
		};
/* End PBXResourcesBuildPhase section */

/* Begin PBXSourcesBuildPhase section */
		A0C050582BCC5D7A002450AD /* Sources */ = {
			isa = PBXSourcesBuildPhase;
			buildActionMask = 2147483647;
			files = (
				A07667B12BF5E6C600FFB4C3 /* WatchConnector.swift in Sources */,
				A023DE452BDF7B2A00242C58 /* SwimMateApp.swift in Sources */,
				A09984B92E2896F900D23117 /* LapTimesChart.swift in Sources */,
				A09984BA2E2896F900D23117 /* WorkoutView.swift in Sources */,
				A09984BB2E2896F900D23117 /* RecentSwimRow.swift in Sources */,
				A09984BC2E2896F900D23117 /* SettingsView.swift in Sources */,
				A09984BD2E2896F900D23117 /* StatColumn.swift in Sources */,
				A02F8F622E299F5F006CC3E5 /* FilterSheetView.swift in Sources */,
				A02F8F542E296011006CC3E5 /* MeasureUnit.swift in Sources */,
				A02F8F552E296011006CC3E5 /* SwimStroke.swift in Sources */,
				A02F8F562E296011006CC3E5 /* SetComponent.swift in Sources */,
				A02F8F572E296011006CC3E5 /* LapGroup.swift in Sources */,
				A02F8F582E296011006CC3E5 /* SwimmingLocationType.swift in Sources */,
				A02F8F592E296011006CC3E5 /* Swim.swift in Sources */,
				A02F8F5A2E296011006CC3E5 /* SwimSet.swift in Sources */,
				A02F8F5B2E296011006CC3E5 /* SwimSetExamples.swift in Sources */,
				A02F8F5C2E296011006CC3E5 /* Lap.swift in Sources */,
				A09984BE2E2896F900D23117 /* SimpleLapRow.swift in Sources */,
				A09984BF2E2896F900D23117 /* HealthKitPermissionView.swift in Sources */,
				A09984C02E2896F900D23117 /* SwolfChart.swift in Sources */,
				A09984C12E2896F900D23117 /* DistanceChartCard.swift in Sources */,
				A09984C22E2896F900D23117 /* RecentActivityCard.swift in Sources */,
				A09984C32E2896F900D23117 /* WorkoutHeaderCard.swift in Sources */,
				A09984C42E2896F900D23117 /* LineGraphView.swift in Sources */,
				A09984C52E2896F900D23117 /* HomePage.swift in Sources */,
				A09984C62E2896F900D23117 /* LapDetailsSection.swift in Sources */,
				A09984C72E2896F900D23117 /* KeyMetricsGrid.swift in Sources */,
				A09984C82E2896F900D23117 /* LogbookView.swift in Sources */,
				A09984C92E2896F900D23117 /* SetPage.swift in Sources */,
				A09984CA2E2896F900D23117 /* PreferencesView.swift in Sources */,
				A09984CB2E2896F900D23117 /* ProfilePage.swift in Sources */,
				A09984CC2E2896F900D23117 /* SetSummaryView.swift in Sources */,
				A09984CD2E2896F900D23117 /* RootView.swift in Sources */,
				A09984CE2E2896F900D23117 /* WeeklySummaryCard.swift in Sources */,
				A02F8F642E299FE0006CC3E5 /* Manager+SetFiltering.swift in Sources */,
				A09984CF2E2896F900D23117 /* ChartsSection.swift in Sources */,
				A09984D02E2896F900D23117 /* SummaryMetricItem.swift in Sources */,
				A09984D12E2896F900D23117 /* StrokeDistributionChart.swift in Sources */,
				A09984D22E2896F900D23117 /* PaceGraphView.swift in Sources */,
				A02F8F602E299F39006CC3E5 /* Manager+Convenience.swift in Sources */,
				A09984D32E2896F900D23117 /* SetDetailView.swift in Sources */,
				A09984D42E2896F900D23117 /* SimpleMetricCard.swift in Sources */,
				A09984D52E2896F900D23117 /* SwimListItemView.swift in Sources */,
				A07667B02BF5E6C600FFB4C3 /* Manager.swift in Sources */,
			);
			runOnlyForDeploymentPostprocessing = 0;
		};
		A0D5BAEF2BDC9318004D9B9C /* Sources */ = {
			isa = PBXSourcesBuildPhase;
			buildActionMask = 2147483647;
			files = (
				A0F6A7252DE7EF8A005B7291 /* WatchManager+Statistics.swift in Sources */,
				A0F6A7262DE7EF8A005B7291 /* WatchManager+Timer.swift in Sources */,
				A0F6A7272DE7EF8A005B7291 /* WatchManager.swift in Sources */,
				A0F6A7282DE7EF8A005B7291 /* WatchManager+Workout.swift in Sources */,
				A0F6A7292DE7EF8A005B7291 /* WatchManager+HealthKit.swift in Sources */,
				A0F6A72A2DE7EF8A005B7291 /* WatchManager+Delegates.swift in Sources */,
				A0F6A72B2DE7EF8A005B7291 /* WatchManager+Goals.swift in Sources */,
				A048B8A22DE9253F00084546 /* MetricsView.swift in Sources */,
				A048B8A32DE9253F00084546 /* LoadingView.swift in Sources */,
				A048B8A42DE9253F00084546 /* GoalBadgeView.swift in Sources */,
				A048B8A52DE9253F00084546 /* StepView.swift in Sources */,
				A048B8A62DE9253F00084546 /* PerformanceInsightsSection.swift in Sources */,
				A048B8A72DE9253F00084546 /* PerformanceCard.swift in Sources */,
				A048B8A82DE9253F00084546 /* GoalSwimView.swift in Sources */,
				A048B8A92DE9253F00084546 /* SummaryHeaderView.swift in Sources */,
				A048B8AA2DE9253F00084546 /* CalorieSetupView.swift in Sources */,
				A048B8AB2DE9253F00084546 /* ElapsedTimeView.swift in Sources */,
				A048B8AC2DE9253F00084546 /* CompactNavButton.swift in Sources */,
				A048B8AD2DE9253F00084546 /* InsightRow.swift in Sources */,
				A048B8AE2DE9253F00084546 /* SwimmingView.swift in Sources */,
				A048B8AF2DE9253F00084546 /* MetricCard.swift in Sources */,
				A048B8B02DE9253F00084546 /* ActionButtonsSection.swift in Sources */,
				A048B8B12DE9253F00084546 /* GoalProgressView.swift in Sources */,
				A048B8B22DE9253F00084546 /* WatchRootView.swift in Sources */,
				A048B8B32DE9253F00084546 /* ProgressBar.swift in Sources */,
				A048B8B42DE9253F00084546 /* CurrentGoalsDisplaySection.swift in Sources */,
				A048B8B52DE9253F00084546 /* PresetButton.swift in Sources */,
				A048B8B62DE9253F00084546 /* KeyMetricsSection.swift in Sources */,
				A048B8B72DE9253F00084546 /* GoalSpacingConstants.swift in Sources */,
				A048B8B82DE9253F00084546 /* GoalProgressList.swift in Sources */,
				A048B8B92DE9253F00084546 /* GoalSetupButtonsSection.swift in Sources */,
				A048B8BA2DE9253F00084546 /* ActionButton.swift in Sources */,
				A048B8BB2DE9253F00084546 /* TimeSetupView.swift in Sources */,
				A048B8BC2DE9253F00084546 /* GoalProgressHeader.swift in Sources */,
				A048B8BD2DE9253F00084546 /* SetDisplayView.swift in Sources */,
				A048B8BE2DE9253F00084546 /* IndoorPoolSetupView.swift in Sources */,
				A048B8BF2DE9253F00084546 /* CelebrationOverlay.swift in Sources */,
				A048B8C02DE9253F00084546 /* MainControlButton.swift in Sources */,
				A048B8C12DE9253F00084546 /* SummaryFooter.swift in Sources */,
				A048B8C22DE9253F00084546 /* SettingsView.swift in Sources */,
				A048B8C32DE9253F00084546 /* ImportSetView.swift in Sources */,
				A048B8C42DE9253F00084546 /* SecondaryMetricsGrid.swift in Sources */,
				A048B8C52DE9253F00084546 /* GoalProgressBar.swift in Sources */,
				A048B8C62DE9253F00084546 /* NavigationControls.swift in Sources */,
				A048B8C72DE9253F00084546 /* SetCompletionView.swift in Sources */,
				A048B8C82DE9253F00084546 /* SwimSetupView.swift in Sources */,
				A048B8C92DE9253F00084546 /* HealthKitPermissionView.swift in Sources */,
				A048B8CA2DE9253F00084546 /* NavigationButtonsSection.swift in Sources */,
				A048B8CB2DE9253F00084546 /* IntensityIndicator.swift in Sources */,
				A048B8CC2DE9253F00084546 /* NumberPadView.swift in Sources */,
				A048B8CD2DE9253F00084546 /* SwimControlsView.swift in Sources */,
				A048B8CE2DE9253F00084546 /* SwimmingSummaryView.swift in Sources */,
				A048B8CF2DE9253F00084546 /* HeaderSection.swift in Sources */,
				A048B8D02DE9253F00084546 /* HealthKitWarningSection.swift in Sources */,
				A02F8F4B2E296011006CC3E5 /* MeasureUnit.swift in Sources */,
				A02F8F4C2E296011006CC3E5 /* SwimStroke.swift in Sources */,
				A02F8F4D2E296011006CC3E5 /* SetComponent.swift in Sources */,
				A02F8F4E2E296011006CC3E5 /* LapGroup.swift in Sources */,
				A02F8F4F2E296011006CC3E5 /* SwimmingLocationType.swift in Sources */,
				A02F8F502E296011006CC3E5 /* Swim.swift in Sources */,
				A02F8F512E296011006CC3E5 /* SwimSet.swift in Sources */,
				A02F8F522E296011006CC3E5 /* SwimSetExamples.swift in Sources */,
				A02F8F532E296011006CC3E5 /* Lap.swift in Sources */,
				A048B8D12DE9253F00084546 /* MainButton.swift in Sources */,
				A048B8D22DE9253F00084546 /* PrimaryMetricsSection.swift in Sources */,
				A048B8D32DE9253F00084546 /* GoalSetupView.swift in Sources */,
				A048B8D42DE9253F00084546 /* GoalProgressCard.swift in Sources */,
				A048B8D52DE9253F00084546 /* DistanceSetupView.swift in Sources */,
				A048B8D62DE9253F00084546 /* SetHeader.swift in Sources */,
				A0F6A72C2DE7EF8A005B7291 /* toiOSWatchConnector.swift in Sources */,
				A0F6A70C2DE7E697005B7291 /* GoalType.swift in Sources */,
				A0BFBA392DDD7C3C002B96A8 /* WatchSwimMateApp.swift in Sources */,
				A0BFBA3A2DDD7C3C002B96A8 /* NavState.swift in Sources */,
			);
			runOnlyForDeploymentPostprocessing = 0;
		};
/* End PBXSourcesBuildPhase section */

/* Begin PBXTargetDependency section */
		A004E5202BE005DE008D3F11 /* PBXTargetDependency */ = {
			isa = PBXTargetDependency;
			target = A0D5BAF22BDC9318004D9B9C /* WatchSwimMate Watch App */;
			targetProxy = A004E51F2BE005DE008D3F11 /* PBXContainerItemProxy */;
		};
		A0F0C8172BDF84A200AF6D5B /* PBXTargetDependency */ = {
			isa = PBXTargetDependency;
			target = A0D5BAF22BDC9318004D9B9C /* WatchSwimMate Watch App */;
			targetProxy = A0F0C8162BDF84A200AF6D5B /* PBXContainerItemProxy */;
		};
/* End PBXTargetDependency section */

/* Begin XCBuildConfiguration section */
		A0C0507E2BCC5D7B002450AD /* Debug */ = {
			isa = XCBuildConfiguration;
			buildSettings = {
				ALWAYS_SEARCH_USER_PATHS = NO;
				ASSETCATALOG_COMPILER_GENERATE_SWIFT_ASSET_SYMBOL_EXTENSIONS = YES;
				CLANG_ANALYZER_NONNULL = YES;
				CLANG_ANALYZER_NUMBER_OBJECT_CONVERSION = YES_AGGRESSIVE;
				CLANG_CXX_LANGUAGE_STANDARD = "gnu++20";
				CLANG_ENABLE_MODULES = YES;
				CLANG_ENABLE_OBJC_ARC = YES;
				CLANG_ENABLE_OBJC_WEAK = YES;
				CLANG_WARN_BLOCK_CAPTURE_AUTORELEASING = YES;
				CLANG_WARN_BOOL_CONVERSION = YES;
				CLANG_WARN_COMMA = YES;
				CLANG_WARN_CONSTANT_CONVERSION = YES;
				CLANG_WARN_DEPRECATED_OBJC_IMPLEMENTATIONS = YES;
				CLANG_WARN_DIRECT_OBJC_ISA_USAGE = YES_ERROR;
				CLANG_WARN_DOCUMENTATION_COMMENTS = YES;
				CLANG_WARN_EMPTY_BODY = YES;
				CLANG_WARN_ENUM_CONVERSION = YES;
				CLANG_WARN_INFINITE_RECURSION = YES;
				CLANG_WARN_INT_CONVERSION = YES;
				CLANG_WARN_NON_LITERAL_NULL_CONVERSION = YES;
				CLANG_WARN_OBJC_IMPLICIT_RETAIN_SELF = YES;
				CLANG_WARN_OBJC_LITERAL_CONVERSION = YES;
				CLANG_WARN_OBJC_ROOT_CLASS = YES_ERROR;
				CLANG_WARN_QUOTED_INCLUDE_IN_FRAMEWORK_HEADER = YES;
				CLANG_WARN_RANGE_LOOP_ANALYSIS = YES;
				CLANG_WARN_STRICT_PROTOTYPES = YES;
				CLANG_WARN_SUSPICIOUS_MOVE = YES;
				CLANG_WARN_UNGUARDED_AVAILABILITY = YES_AGGRESSIVE;
				CLANG_WARN_UNREACHABLE_CODE = YES;
				CLANG_WARN__DUPLICATE_METHOD_MATCH = YES;
				COPY_PHASE_STRIP = NO;
				DEBUG_INFORMATION_FORMAT = dwarf;
				DEVELOPMENT_TEAM = 3ZX5P538FH;
				ENABLE_STRICT_OBJC_MSGSEND = YES;
				ENABLE_TESTABILITY = YES;
				ENABLE_USER_SCRIPT_SANDBOXING = YES;
				GCC_C_LANGUAGE_STANDARD = gnu17;
				GCC_DYNAMIC_NO_PIC = NO;
				GCC_NO_COMMON_BLOCKS = YES;
				GCC_OPTIMIZATION_LEVEL = 0;
				GCC_PREPROCESSOR_DEFINITIONS = (
					"DEBUG=1",
					"$(inherited)",
				);
				GCC_WARN_64_TO_32_BIT_CONVERSION = YES;
				GCC_WARN_ABOUT_RETURN_TYPE = YES_ERROR;
				GCC_WARN_UNDECLARED_SELECTOR = YES;
				GCC_WARN_UNINITIALIZED_AUTOS = YES_AGGRESSIVE;
				GCC_WARN_UNUSED_FUNCTION = YES;
				GCC_WARN_UNUSED_VARIABLE = YES;
				IPHONEOS_DEPLOYMENT_TARGET = 17.4;
				LOCALIZATION_PREFERS_STRING_CATALOGS = YES;
				MTL_ENABLE_DEBUG_INFO = INCLUDE_SOURCE;
				MTL_FAST_MATH = YES;
				ONLY_ACTIVE_ARCH = YES;
				SDKROOT = iphoneos;
				SWIFT_ACTIVE_COMPILATION_CONDITIONS = "DEBUG $(inherited)";
				SWIFT_OPTIMIZATION_LEVEL = "-Onone";
			};
			name = Debug;
		};
		A0C0507F2BCC5D7B002450AD /* Release */ = {
			isa = XCBuildConfiguration;
			buildSettings = {
				ALWAYS_SEARCH_USER_PATHS = NO;
				ASSETCATALOG_COMPILER_GENERATE_SWIFT_ASSET_SYMBOL_EXTENSIONS = YES;
				CLANG_ANALYZER_NONNULL = YES;
				CLANG_ANALYZER_NUMBER_OBJECT_CONVERSION = YES_AGGRESSIVE;
				CLANG_CXX_LANGUAGE_STANDARD = "gnu++20";
				CLANG_ENABLE_MODULES = YES;
				CLANG_ENABLE_OBJC_ARC = YES;
				CLANG_ENABLE_OBJC_WEAK = YES;
				CLANG_WARN_BLOCK_CAPTURE_AUTORELEASING = YES;
				CLANG_WARN_BOOL_CONVERSION = YES;
				CLANG_WARN_COMMA = YES;
				CLANG_WARN_CONSTANT_CONVERSION = YES;
				CLANG_WARN_DEPRECATED_OBJC_IMPLEMENTATIONS = YES;
				CLANG_WARN_DIRECT_OBJC_ISA_USAGE = YES_ERROR;
				CLANG_WARN_DOCUMENTATION_COMMENTS = YES;
				CLANG_WARN_EMPTY_BODY = YES;
				CLANG_WARN_ENUM_CONVERSION = YES;
				CLANG_WARN_INFINITE_RECURSION = YES;
				CLANG_WARN_INT_CONVERSION = YES;
				CLANG_WARN_NON_LITERAL_NULL_CONVERSION = YES;
				CLANG_WARN_OBJC_IMPLICIT_RETAIN_SELF = YES;
				CLANG_WARN_OBJC_LITERAL_CONVERSION = YES;
				CLANG_WARN_OBJC_ROOT_CLASS = YES_ERROR;
				CLANG_WARN_QUOTED_INCLUDE_IN_FRAMEWORK_HEADER = YES;
				CLANG_WARN_RANGE_LOOP_ANALYSIS = YES;
				CLANG_WARN_STRICT_PROTOTYPES = YES;
				CLANG_WARN_SUSPICIOUS_MOVE = YES;
				CLANG_WARN_UNGUARDED_AVAILABILITY = YES_AGGRESSIVE;
				CLANG_WARN_UNREACHABLE_CODE = YES;
				CLANG_WARN__DUPLICATE_METHOD_MATCH = YES;
				COPY_PHASE_STRIP = NO;
				DEBUG_INFORMATION_FORMAT = "dwarf-with-dsym";
				DEVELOPMENT_TEAM = 3ZX5P538FH;
				ENABLE_NS_ASSERTIONS = NO;
				ENABLE_STRICT_OBJC_MSGSEND = YES;
				ENABLE_USER_SCRIPT_SANDBOXING = YES;
				GCC_C_LANGUAGE_STANDARD = gnu17;
				GCC_NO_COMMON_BLOCKS = YES;
				GCC_WARN_64_TO_32_BIT_CONVERSION = YES;
				GCC_WARN_ABOUT_RETURN_TYPE = YES_ERROR;
				GCC_WARN_UNDECLARED_SELECTOR = YES;
				GCC_WARN_UNINITIALIZED_AUTOS = YES_AGGRESSIVE;
				GCC_WARN_UNUSED_FUNCTION = YES;
				GCC_WARN_UNUSED_VARIABLE = YES;
				IPHONEOS_DEPLOYMENT_TARGET = 17.4;
				LOCALIZATION_PREFERS_STRING_CATALOGS = YES;
				MTL_ENABLE_DEBUG_INFO = NO;
				MTL_FAST_MATH = YES;
				SDKROOT = iphoneos;
				SWIFT_COMPILATION_MODE = wholemodule;
				VALIDATE_PRODUCT = YES;
			};
			name = Release;
		};
		A0C050812BCC5D7B002450AD /* Debug */ = {
			isa = XCBuildConfiguration;
			buildSettings = {
				ASSETCATALOG_COMPILER_APPICON_NAME = AppIcon;
				ASSETCATALOG_COMPILER_GLOBAL_ACCENT_COLOR_NAME = AccentColor;
				CODE_SIGN_ENTITLEMENTS = SwimMate/SwimMate.entitlements;
				CODE_SIGN_STYLE = Automatic;
				CURRENT_PROJECT_VERSION = 1;
				DEVELOPMENT_ASSET_PATHS = "SwimMate/Preview\\ Content";
				ENABLE_PREVIEWS = YES;
				GENERATE_INFOPLIST_FILE = YES;
				INFOPLIST_FILE = SwimMate/Info.plist;
				INFOPLIST_KEY_NSHealthClinicalHealthRecordsShareUsageDescription = "Uses old workout data for displaying";
				INFOPLIST_KEY_NSHealthShareUsageDescription = "Your workout data is used to suggest new workout plans and exercises";
				INFOPLIST_KEY_NSHealthUpdateUsageDescription = "Any workout data created with the app will be added to your health data";
				INFOPLIST_KEY_UIApplicationSceneManifest_Generation = YES;
				INFOPLIST_KEY_UIApplicationSupportsIndirectInputEvents = YES;
				INFOPLIST_KEY_UILaunchScreen_Generation = YES;
				INFOPLIST_KEY_UISupportedInterfaceOrientations_iPad = "UIInterfaceOrientationPortrait UIInterfaceOrientationPortraitUpsideDown UIInterfaceOrientationLandscapeLeft UIInterfaceOrientationLandscapeRight";
				INFOPLIST_KEY_UISupportedInterfaceOrientations_iPhone = "UIInterfaceOrientationPortrait UIInterfaceOrientationLandscapeLeft UIInterfaceOrientationLandscapeRight";
				LD_RUNPATH_SEARCH_PATHS = (
					"$(inherited)",
					"@executable_path/Frameworks",
				);
				MARKETING_VERSION = 1.0;
				PRODUCT_BUNDLE_IDENTIFIER = psu.edu.SwimMate;
				PRODUCT_NAME = "$(TARGET_NAME)";
				SWIFT_EMIT_LOC_STRINGS = YES;
				SWIFT_VERSION = 5.0;
				TARGETED_DEVICE_FAMILY = "1,2";
			};
			name = Debug;
		};
		A0C050822BCC5D7B002450AD /* Release */ = {
			isa = XCBuildConfiguration;
			buildSettings = {
				ASSETCATALOG_COMPILER_APPICON_NAME = AppIcon;
				ASSETCATALOG_COMPILER_GLOBAL_ACCENT_COLOR_NAME = AccentColor;
				CODE_SIGN_ENTITLEMENTS = SwimMate/SwimMate.entitlements;
				CODE_SIGN_STYLE = Automatic;
				CURRENT_PROJECT_VERSION = 1;
				DEVELOPMENT_ASSET_PATHS = "SwimMate/Preview\\ Content";
				ENABLE_PREVIEWS = YES;
				GENERATE_INFOPLIST_FILE = YES;
				INFOPLIST_FILE = SwimMate/Info.plist;
				INFOPLIST_KEY_NSHealthClinicalHealthRecordsShareUsageDescription = "Uses old workout data for displaying";
				INFOPLIST_KEY_NSHealthShareUsageDescription = "Your workout data is used to suggest new workout plans and exercises";
				INFOPLIST_KEY_NSHealthUpdateUsageDescription = "Any workout data created with the app will be added to your health data";
				INFOPLIST_KEY_UIApplicationSceneManifest_Generation = YES;
				INFOPLIST_KEY_UIApplicationSupportsIndirectInputEvents = YES;
				INFOPLIST_KEY_UILaunchScreen_Generation = YES;
				INFOPLIST_KEY_UISupportedInterfaceOrientations_iPad = "UIInterfaceOrientationPortrait UIInterfaceOrientationPortraitUpsideDown UIInterfaceOrientationLandscapeLeft UIInterfaceOrientationLandscapeRight";
				INFOPLIST_KEY_UISupportedInterfaceOrientations_iPhone = "UIInterfaceOrientationPortrait UIInterfaceOrientationLandscapeLeft UIInterfaceOrientationLandscapeRight";
				LD_RUNPATH_SEARCH_PATHS = (
					"$(inherited)",
					"@executable_path/Frameworks",
				);
				MARKETING_VERSION = 1.0;
				PRODUCT_BUNDLE_IDENTIFIER = psu.edu.SwimMate;
				PRODUCT_NAME = "$(TARGET_NAME)";
				SWIFT_EMIT_LOC_STRINGS = YES;
				SWIFT_VERSION = 5.0;
				TARGETED_DEVICE_FAMILY = "1,2";
			};
			name = Release;
		};
		A0D5BB192BDC9319004D9B9C /* Debug */ = {
			isa = XCBuildConfiguration;
			buildSettings = {
				ASSETCATALOG_COMPILER_APPICON_NAME = AppIcon;
				ASSETCATALOG_COMPILER_GLOBAL_ACCENT_COLOR_NAME = AccentColor;
				CODE_SIGN_ENTITLEMENTS = "WatchSwimMate Watch App/WatchSwimMate Watch App.entitlements";
				CODE_SIGN_STYLE = Automatic;
				CURRENT_PROJECT_VERSION = 1;
				DEVELOPMENT_ASSET_PATHS = "\"WatchSwimMate Watch App/Preview Content\"";
				ENABLE_PREVIEWS = YES;
				GENERATE_INFOPLIST_FILE = YES;
				INFOPLIST_FILE = "WatchSwimMate-Watch-App-Info.plist";
				INFOPLIST_KEY_CFBundleDisplayName = WatchSwimMate;
				INFOPLIST_KEY_LSApplicationCategoryType = "";
				INFOPLIST_KEY_NSHealthClinicalHealthRecordsShareUsageDescription = "Uses old workout data for displaying";
				INFOPLIST_KEY_NSHealthShareUsageDescription = "Your workout data is used to suggest new workout plans and exercises";
				INFOPLIST_KEY_NSHealthUpdateUsageDescription = "Any workout data created with the app will be added to your health data";
				INFOPLIST_KEY_UIApplicationSceneManifest_Generation = YES;
				INFOPLIST_KEY_UISupportedInterfaceOrientations = "UIInterfaceOrientationPortrait UIInterfaceOrientationPortraitUpsideDown";
				INFOPLIST_KEY_WKCompanionAppBundleIdentifier = psu.edu.SwimMate;
				LD_RUNPATH_SEARCH_PATHS = (
					"$(inherited)",
					"@executable_path/Frameworks",
				);
				MARKETING_VERSION = 1.0;
				PRODUCT_BUNDLE_IDENTIFIER = psu.edu.SwimMate.watchkitapp;
				PRODUCT_NAME = "$(TARGET_NAME)";
				SDKROOT = watchos;
				SKIP_INSTALL = YES;
				SWIFT_EMIT_LOC_STRINGS = YES;
				SWIFT_VERSION = 5.0;
				TARGETED_DEVICE_FAMILY = 4;
				WATCHOS_DEPLOYMENT_TARGET = 10.4;
			};
			name = Debug;
		};
		A0D5BB1A2BDC9319004D9B9C /* Release */ = {
			isa = XCBuildConfiguration;
			buildSettings = {
				ASSETCATALOG_COMPILER_APPICON_NAME = AppIcon;
				ASSETCATALOG_COMPILER_GLOBAL_ACCENT_COLOR_NAME = AccentColor;
				CODE_SIGN_ENTITLEMENTS = "WatchSwimMate Watch App/WatchSwimMate Watch App.entitlements";
				CODE_SIGN_STYLE = Automatic;
				CURRENT_PROJECT_VERSION = 1;
				DEVELOPMENT_ASSET_PATHS = "\"WatchSwimMate Watch App/Preview Content\"";
				ENABLE_PREVIEWS = YES;
				GENERATE_INFOPLIST_FILE = YES;
				INFOPLIST_FILE = "WatchSwimMate-Watch-App-Info.plist";
				INFOPLIST_KEY_CFBundleDisplayName = WatchSwimMate;
				INFOPLIST_KEY_LSApplicationCategoryType = "";
				INFOPLIST_KEY_NSHealthClinicalHealthRecordsShareUsageDescription = "Uses old workout data for displaying";
				INFOPLIST_KEY_NSHealthShareUsageDescription = "Your workout data is used to suggest new workout plans and exercises";
				INFOPLIST_KEY_NSHealthUpdateUsageDescription = "Any workout data created with the app will be added to your health data";
				INFOPLIST_KEY_UIApplicationSceneManifest_Generation = YES;
				INFOPLIST_KEY_UISupportedInterfaceOrientations = "UIInterfaceOrientationPortrait UIInterfaceOrientationPortraitUpsideDown";
				INFOPLIST_KEY_WKCompanionAppBundleIdentifier = psu.edu.SwimMate;
				LD_RUNPATH_SEARCH_PATHS = (
					"$(inherited)",
					"@executable_path/Frameworks",
				);
				MARKETING_VERSION = 1.0;
				PRODUCT_BUNDLE_IDENTIFIER = psu.edu.SwimMate.watchkitapp;
				PRODUCT_NAME = "$(TARGET_NAME)";
				SDKROOT = watchos;
				SKIP_INSTALL = YES;
				SWIFT_EMIT_LOC_STRINGS = YES;
				SWIFT_VERSION = 5.0;
				TARGETED_DEVICE_FAMILY = 4;
				WATCHOS_DEPLOYMENT_TARGET = 10.4;
			};
			name = Release;
		};
/* End XCBuildConfiguration section */

/* Begin XCConfigurationList section */
		A0C050572BCC5D7A002450AD /* Build configuration list for PBXProject "SwimMate" */ = {
			isa = XCConfigurationList;
			buildConfigurations = (
				A0C0507E2BCC5D7B002450AD /* Debug */,
				A0C0507F2BCC5D7B002450AD /* Release */,
			);
			defaultConfigurationIsVisible = 0;
			defaultConfigurationName = Release;
		};
		A0C050802BCC5D7B002450AD /* Build configuration list for PBXNativeTarget "SwimMate" */ = {
			isa = XCConfigurationList;
			buildConfigurations = (
				A0C050812BCC5D7B002450AD /* Debug */,
				A0C050822BCC5D7B002450AD /* Release */,
			);
			defaultConfigurationIsVisible = 0;
			defaultConfigurationName = Release;
		};
		A0D5BB182BDC9319004D9B9C /* Build configuration list for PBXNativeTarget "WatchSwimMate Watch App" */ = {
			isa = XCConfigurationList;
			buildConfigurations = (
				A0D5BB192BDC9319004D9B9C /* Debug */,
				A0D5BB1A2BDC9319004D9B9C /* Release */,
			);
			defaultConfigurationIsVisible = 0;
			defaultConfigurationName = Release;
		};
/* End XCConfigurationList section */
	};
	rootObject = A0C050542BCC5D7A002450AD /* Project object */;
}
