// !$*UTF8*$!
{
	archiveVersion = 1;
	classes = {
	};
	objectVersion = 56;
	objects = {

/* Begin PBXBuildFile section */
		A004E51E2BE005DE008D3F11 /* WatchSwimMate Watch App.app in Embed Watch Content */ = {isa = PBXBuildFile; fileRef = A0F0C7D42BDF7C5F00AF6D5B /* WatchSwimMate Watch App.app */; settings = {ATTRIBUTES = (RemoveHeadersOnCopy, ); }; };
		A00E2E5D2DDDABDB005C30DE /* GoalSetupView.swift in Sources */ = {isa = PBXBuildFile; fileRef = A00E2E5C2DDDABDB005C30DE /* GoalSetupView.swift */; };
		A011482A2DDD055B00B701D7 /* LogbookView.swift in Sources */ = {isa = PBXBuildFile; fileRef = A01148292DDD055B00B701D7 /* LogbookView.swift */; };
		A011483A2DDD164A00B701D7 /* WeeklySummaryCard.swift in Sources */ = {isa = PBXBuildFile; fileRef = A01148392DDD164A00B701D7 /* WeeklySummaryCard.swift */; };
		A011483C2DDD165E00B701D7 /* RecentActivityCard.swift in Sources */ = {isa = PBXBuildFile; fileRef = A011483B2DDD165E00B701D7 /* RecentActivityCard.swift */; };
		A011483E2DDD16CA00B701D7 /* SummaryMetricItem.swift in Sources */ = {isa = PBXBuildFile; fileRef = A011483D2DDD16CA00B701D7 /* SummaryMetricItem.swift */; };
		A01148402DDD16E500B701D7 /* RecentSwimRow.swift in Sources */ = {isa = PBXBuildFile; fileRef = A011483F2DDD16E500B701D7 /* RecentSwimRow.swift */; };
		A01148422DDD16F400B701D7 /* DistanceChartCard.swift in Sources */ = {isa = PBXBuildFile; fileRef = A01148412DDD16F400B701D7 /* DistanceChartCard.swift */; };
		A01148452DDD175B00B701D7 /* SwimListItemView.swift in Sources */ = {isa = PBXBuildFile; fileRef = A01148442DDD175B00B701D7 /* SwimListItemView.swift */; };
		A023DE452BDF7B2A00242C58 /* SwimMateApp.swift in Sources */ = {isa = PBXBuildFile; fileRef = A0C0505F2BCC5D7A002450AD /* SwimMateApp.swift */; };
		A032BE7B2DDD1D0A00265661 /* HealthKitPermissionView.swift in Sources */ = {isa = PBXBuildFile; fileRef = A032BE762DDD1D0A00265661 /* HealthKitPermissionView.swift */; };
		A032BE7D2DDD1D0A00265661 /* WorkoutView.swift in Sources */ = {isa = PBXBuildFile; fileRef = A032BE792DDD1D0A00265661 /* WorkoutView.swift */; };
		A032BE7E2DDD1D0A00265661 /* PaceGraphView.swift in Sources */ = {isa = PBXBuildFile; fileRef = A032BE742DDD1D0A00265661 /* PaceGraphView.swift */; };
		A032BE802DDD1D0A00265661 /* LineGraphView.swift in Sources */ = {isa = PBXBuildFile; fileRef = A032BE732DDD1D0A00265661 /* LineGraphView.swift */; };
		A07667A52BF5E6BF00FFB4C3 /* HomePage.swift in Sources */ = {isa = PBXBuildFile; fileRef = A07667922BF5E6BF00FFB4C3 /* HomePage.swift */; };
		A07667A62BF5E6BF00FFB4C3 /* PreferencesView.swift in Sources */ = {isa = PBXBuildFile; fileRef = A07667942BF5E6BF00FFB4C3 /* PreferencesView.swift */; };
		A07667A72BF5E6BF00FFB4C3 /* ProfilePage.swift in Sources */ = {isa = PBXBuildFile; fileRef = A07667952BF5E6BF00FFB4C3 /* ProfilePage.swift */; };
		A07667A82BF5E6BF00FFB4C3 /* SettingsView.swift in Sources */ = {isa = PBXBuildFile; fileRef = A07667962BF5E6BF00FFB4C3 /* SettingsView.swift */; };
		A07667A92BF5E6BF00FFB4C3 /* SetDetailView.swift in Sources */ = {isa = PBXBuildFile; fileRef = A07667982BF5E6BF00FFB4C3 /* SetDetailView.swift */; };
		A07667AA2BF5E6BF00FFB4C3 /* SetPage.swift in Sources */ = {isa = PBXBuildFile; fileRef = A07667992BF5E6BF00FFB4C3 /* SetPage.swift */; };
		A07667AB2BF5E6BF00FFB4C3 /* SetSummaryView.swift in Sources */ = {isa = PBXBuildFile; fileRef = A076679A2BF5E6BF00FFB4C3 /* SetSummaryView.swift */; };
		A07667AC2BF5E6BF00FFB4C3 /* RootView.swift in Sources */ = {isa = PBXBuildFile; fileRef = A076679C2BF5E6BF00FFB4C3 /* RootView.swift */; };
		A07667B02BF5E6C600FFB4C3 /* Manager.swift in Sources */ = {isa = PBXBuildFile; fileRef = A07667AD2BF5E6C600FFB4C3 /* Manager.swift */; };
		A07667B12BF5E6C600FFB4C3 /* WatchConnector.swift in Sources */ = {isa = PBXBuildFile; fileRef = A07667AE2BF5E6C600FFB4C3 /* WatchConnector.swift */; };
		A07667B62BF5E6CF00FFB4C3 /* store.json in Resources */ = {isa = PBXBuildFile; fileRef = A07667B22BF5E6CF00FFB4C3 /* store.json */; };
		A07667B72BF5E6CF00FFB4C3 /* Swim.swift in Sources */ = {isa = PBXBuildFile; fileRef = A07667B32BF5E6CF00FFB4C3 /* Swim.swift */; };
		A07667B82BF5E6CF00FFB4C3 /* SwimSet.swift in Sources */ = {isa = PBXBuildFile; fileRef = A07667B42BF5E6CF00FFB4C3 /* SwimSet.swift */; };
		A07667B92BF5E7D800FFB4C3 /* Swim.swift in Sources */ = {isa = PBXBuildFile; fileRef = A07667B32BF5E6CF00FFB4C3 /* Swim.swift */; };
		A07667BA2BF5E7D800FFB4C3 /* SwimSet.swift in Sources */ = {isa = PBXBuildFile; fileRef = A07667B42BF5E6CF00FFB4C3 /* SwimSet.swift */; };
		A08761772DC90A0000BD4402 /* README.md in Resources */ = {isa = PBXBuildFile; fileRef = A08761762DC909FC00BD4402 /* README.md */; };
		A0BFBA232DDD7C3C002B96A8 /* Assets.xcassets in Resources */ = {isa = PBXBuildFile; fileRef = A0BFBA1F2DDD7C3C002B96A8 /* Assets.xcassets */; };
		A0BFBA242DDD7C3C002B96A8 /* Preview Assets.xcassets in Resources */ = {isa = PBXBuildFile; fileRef = A0BFB9FD2DDD7C3C002B96A8 /* Preview Assets.xcassets */; };
		A0BFBA252DDD7C3C002B96A8 /* WatchManager.swift in Sources */ = {isa = PBXBuildFile; fileRef = A0BFBA022DDD7C3C002B96A8 /* WatchManager.swift */; };
		A0BFBA262DDD7C3C002B96A8 /* toiOSWatchConnector.swift in Sources */ = {isa = PBXBuildFile; fileRef = A0BFBA012DDD7C3C002B96A8 /* toiOSWatchConnector.swift */; };
		A0BFBA272DDD7C3C002B96A8 /* WorkoutSetupView.swift in Sources */ = {isa = PBXBuildFile; fileRef = A0BFBA122DDD7C3C002B96A8 /* WorkoutSetupView.swift */; };
		A0BFBA282DDD7C3C002B96A8 /* DistanceSetupView.swift in Sources */ = {isa = PBXBuildFile; fileRef = A0BFBA092DDD7C3C002B96A8 /* DistanceSetupView.swift */; };
		A0BFBA292DDD7C3C002B96A8 /* UnitPickerView.swift in Sources */ = {isa = PBXBuildFile; fileRef = A0BFBA112DDD7C3C002B96A8 /* UnitPickerView.swift */; };
		A0BFBA2A2DDD7C3C002B96A8 /* SummaryMetricView.swift in Sources */ = {isa = PBXBuildFile; fileRef = A0BFBA152DDD7C3C002B96A8 /* SummaryMetricView.swift */; };
		A0BFBA2B2DDD7C3C002B96A8 /* IndoorPoolSetupView.swift in Sources */ = {isa = PBXBuildFile; fileRef = A0BFBA102DDD7C3C002B96A8 /* IndoorPoolSetupView.swift */; };
		A0BFBA2C2DDD7C3C002B96A8 /* SettingsView.swift in Sources */ = {isa = PBXBuildFile; fileRef = A0BFBA062DDD7C3C002B96A8 /* SettingsView.swift */; };
		A0BFBA2D2DDD7C3C002B96A8 /* CalorieSetupView.swift in Sources */ = {isa = PBXBuildFile; fileRef = A0BFBA082DDD7C3C002B96A8 /* CalorieSetupView.swift */; };
		A0BFBA2E2DDD7C3C002B96A8 /* WorkoutControlsView.swift in Sources */ = {isa = PBXBuildFile; fileRef = A0BFBA1B2DDD7C3C002B96A8 /* WorkoutControlsView.swift */; };
		A0BFBA2F2DDD7C3C002B96A8 /* ActionButton.swift in Sources */ = {isa = PBXBuildFile; fileRef = A0BFBA042DDD7C3C002B96A8 /* ActionButton.swift */; };
		A0BFBA302DDD7C3C002B96A8 /* TimeSetupView.swift in Sources */ = {isa = PBXBuildFile; fileRef = A0BFBA0B2DDD7C3C002B96A8 /* TimeSetupView.swift */; };
		A0BFBA312DDD7C3C002B96A8 /* GoalProgressView.swift in Sources */ = {isa = PBXBuildFile; fileRef = A0BFBA172DDD7C3C002B96A8 /* GoalProgressView.swift */; };
		A0BFBA322DDD7C3C002B96A8 /* SwimmingView.swift in Sources */ = {isa = PBXBuildFile; fileRef = A0BFBA1A2DDD7C3C002B96A8 /* SwimmingView.swift */; };
		A0BFBA332DDD7C3C002B96A8 /* ElapsedTimeView.swift in Sources */ = {isa = PBXBuildFile; fileRef = A0BFBA142DDD7C3C002B96A8 /* ElapsedTimeView.swift */; };
		A0BFBA342DDD7C3C002B96A8 /* ImportSetView.swift in Sources */ = {isa = PBXBuildFile; fileRef = A0BFBA0D2DDD7C3C002B96A8 /* ImportSetView.swift */; };
		A0BFBA352DDD7C3C002B96A8 /* GoalWorkoutSetupView.swift in Sources */ = {isa = PBXBuildFile; fileRef = A0BFBA0A2DDD7C3C002B96A8 /* GoalWorkoutSetupView.swift */; };
		A0BFBA362DDD7C3C002B96A8 /* MetricsView.swift in Sources */ = {isa = PBXBuildFile; fileRef = A0BFBA182DDD7C3C002B96A8 /* MetricsView.swift */; };
		A0BFBA372DDD7C3C002B96A8 /* SwimmingSummaryView.swift in Sources */ = {isa = PBXBuildFile; fileRef = A0BFBA192DDD7C3C002B96A8 /* SwimmingSummaryView.swift */; };
		A0BFBA382DDD7C3C002B96A8 /* WatchRootView.swift in Sources */ = {isa = PBXBuildFile; fileRef = A0BFBA1D2DDD7C3C002B96A8 /* WatchRootView.swift */; };
		A0BFBA392DDD7C3C002B96A8 /* WatchSwimMateApp.swift in Sources */ = {isa = PBXBuildFile; fileRef = A0BFBA212DDD7C3C002B96A8 /* WatchSwimMateApp.swift */; };
		A0BFBA3A2DDD7C3C002B96A8 /* NavState.swift in Sources */ = {isa = PBXBuildFile; fileRef = A0BFB9FF2DDD7C3C002B96A8 /* NavState.swift */; };
		A0BFBA3B2DDD7C3C002B96A8 /* SetDisplayView.swift in Sources */ = {isa = PBXBuildFile; fileRef = A0BFBA0E2DDD7C3C002B96A8 /* SetDisplayView.swift */; };
		A0C050642BCC5D7B002450AD /* Assets.xcassets in Resources */ = {isa = PBXBuildFile; fileRef = A0C050632BCC5D7B002450AD /* Assets.xcassets */; };
		A0C050672BCC5D7B002450AD /* Preview Assets.xcassets in Resources */ = {isa = PBXBuildFile; fileRef = A0C050662BCC5D7B002450AD /* Preview Assets.xcassets */; };
		A0FB9E322BDF7C1F00F39829 /* WatchConnectivity.framework in Frameworks */ = {isa = PBXBuildFile; fileRef = A0FB9E312BDF7C1F00F39829 /* WatchConnectivity.framework */; };
/* End PBXBuildFile section */

/* Begin PBXContainerItemProxy section */
		A004E51F2BE005DE008D3F11 /* PBXContainerItemProxy */ = {
			isa = PBXContainerItemProxy;
			containerPortal = A0C050542BCC5D7A002450AD /* Project object */;
			proxyType = 1;
			remoteGlobalIDString = A0D5BAF22BDC9318004D9B9C;
			remoteInfo = "WatchSwimMate Watch App";
		};
		A0F0C8162BDF84A200AF6D5B /* PBXContainerItemProxy */ = {
			isa = PBXContainerItemProxy;
			containerPortal = A0C050542BCC5D7A002450AD /* Project object */;
			proxyType = 1;
			remoteGlobalIDString = A0D5BAF22BDC9318004D9B9C;
			remoteInfo = "WatchSwimMate Watch App";
		};
/* End PBXContainerItemProxy section */

/* Begin PBXCopyFilesBuildPhase section */
		A095AA162BD6E5D50097884B /* Embed Watch Content */ = {
			isa = PBXCopyFilesBuildPhase;
			buildActionMask = 2147483647;
			dstPath = "$(CONTENTS_FOLDER_PATH)/Watch";
			dstSubfolderSpec = 16;
			files = (
				A004E51E2BE005DE008D3F11 /* WatchSwimMate Watch App.app in Embed Watch Content */,
			);
			name = "Embed Watch Content";
			runOnlyForDeploymentPostprocessing = 0;
		};
/* End PBXCopyFilesBuildPhase section */

/* Begin PBXFileReference section */
		A00E2E5C2DDDABDB005C30DE /* GoalSetupView.swift */ = {isa = PBXFileReference; lastKnownFileType = sourcecode.swift; path = GoalSetupView.swift; sourceTree = "<group>"; };
		A01148292DDD055B00B701D7 /* LogbookView.swift */ = {isa = PBXFileReference; lastKnownFileType = sourcecode.swift; path = LogbookView.swift; sourceTree = "<group>"; };
		A01148392DDD164A00B701D7 /* WeeklySummaryCard.swift */ = {isa = PBXFileReference; lastKnownFileType = sourcecode.swift; path = WeeklySummaryCard.swift; sourceTree = "<group>"; };
		A011483B2DDD165E00B701D7 /* RecentActivityCard.swift */ = {isa = PBXFileReference; lastKnownFileType = sourcecode.swift; path = RecentActivityCard.swift; sourceTree = "<group>"; };
		A011483D2DDD16CA00B701D7 /* SummaryMetricItem.swift */ = {isa = PBXFileReference; lastKnownFileType = sourcecode.swift; path = SummaryMetricItem.swift; sourceTree = "<group>"; };
		A011483F2DDD16E500B701D7 /* RecentSwimRow.swift */ = {isa = PBXFileReference; lastKnownFileType = sourcecode.swift; path = RecentSwimRow.swift; sourceTree = "<group>"; };
		A01148412DDD16F400B701D7 /* DistanceChartCard.swift */ = {isa = PBXFileReference; lastKnownFileType = sourcecode.swift; path = DistanceChartCard.swift; sourceTree = "<group>"; };
		A01148442DDD175B00B701D7 /* SwimListItemView.swift */ = {isa = PBXFileReference; lastKnownFileType = sourcecode.swift; path = SwimListItemView.swift; sourceTree = "<group>"; };
		A032BE732DDD1D0A00265661 /* LineGraphView.swift */ = {isa = PBXFileReference; lastKnownFileType = sourcecode.swift; path = LineGraphView.swift; sourceTree = "<group>"; };
		A032BE742DDD1D0A00265661 /* PaceGraphView.swift */ = {isa = PBXFileReference; lastKnownFileType = sourcecode.swift; path = PaceGraphView.swift; sourceTree = "<group>"; };
		A032BE762DDD1D0A00265661 /* HealthKitPermissionView.swift */ = {isa = PBXFileReference; lastKnownFileType = sourcecode.swift; path = HealthKitPermissionView.swift; sourceTree = "<group>"; };
		A032BE792DDD1D0A00265661 /* WorkoutView.swift */ = {isa = PBXFileReference; lastKnownFileType = sourcecode.swift; path = WorkoutView.swift; sourceTree = "<group>"; };
		A07667922BF5E6BF00FFB4C3 /* HomePage.swift */ = {isa = PBXFileReference; fileEncoding = 4; lastKnownFileType = sourcecode.swift; path = HomePage.swift; sourceTree = "<group>"; };
		A07667942BF5E6BF00FFB4C3 /* PreferencesView.swift */ = {isa = PBXFileReference; fileEncoding = 4; lastKnownFileType = sourcecode.swift; path = PreferencesView.swift; sourceTree = "<group>"; };
		A07667952BF5E6BF00FFB4C3 /* ProfilePage.swift */ = {isa = PBXFileReference; fileEncoding = 4; lastKnownFileType = sourcecode.swift; path = ProfilePage.swift; sourceTree = "<group>"; };
		A07667962BF5E6BF00FFB4C3 /* SettingsView.swift */ = {isa = PBXFileReference; fileEncoding = 4; lastKnownFileType = sourcecode.swift; path = SettingsView.swift; sourceTree = "<group>"; };
		A07667982BF5E6BF00FFB4C3 /* SetDetailView.swift */ = {isa = PBXFileReference; fileEncoding = 4; lastKnownFileType = sourcecode.swift; path = SetDetailView.swift; sourceTree = "<group>"; };
		A07667992BF5E6BF00FFB4C3 /* SetPage.swift */ = {isa = PBXFileReference; fileEncoding = 4; lastKnownFileType = sourcecode.swift; path = SetPage.swift; sourceTree = "<group>"; };
		A076679A2BF5E6BF00FFB4C3 /* SetSummaryView.swift */ = {isa = PBXFileReference; fileEncoding = 4; lastKnownFileType = sourcecode.swift; path = SetSummaryView.swift; sourceTree = "<group>"; };
		A076679C2BF5E6BF00FFB4C3 /* RootView.swift */ = {isa = PBXFileReference; fileEncoding = 4; lastKnownFileType = sourcecode.swift; path = RootView.swift; sourceTree = "<group>"; };
		A07667AD2BF5E6C600FFB4C3 /* Manager.swift */ = {isa = PBXFileReference; fileEncoding = 4; lastKnownFileType = sourcecode.swift; path = Manager.swift; sourceTree = "<group>"; };
		A07667AE2BF5E6C600FFB4C3 /* WatchConnector.swift */ = {isa = PBXFileReference; fileEncoding = 4; lastKnownFileType = sourcecode.swift; path = WatchConnector.swift; sourceTree = "<group>"; };
		A07667B22BF5E6CF00FFB4C3 /* store.json */ = {isa = PBXFileReference; fileEncoding = 4; lastKnownFileType = text.json; path = store.json; sourceTree = "<group>"; };
		A07667B32BF5E6CF00FFB4C3 /* Swim.swift */ = {isa = PBXFileReference; fileEncoding = 4; lastKnownFileType = sourcecode.swift; path = Swim.swift; sourceTree = "<group>"; };
		A07667B42BF5E6CF00FFB4C3 /* SwimSet.swift */ = {isa = PBXFileReference; fileEncoding = 4; lastKnownFileType = sourcecode.swift; path = SwimSet.swift; sourceTree = "<group>"; };
		A08761762DC909FC00BD4402 /* README.md */ = {isa = PBXFileReference; lastKnownFileType = net.daringfireball.markdown; path = README.md; sourceTree = "<group>"; };
		A0BFB9FD2DDD7C3C002B96A8 /* Preview Assets.xcassets */ = {isa = PBXFileReference; lastKnownFileType = folder.assetcatalog; path = "Preview Assets.xcassets"; sourceTree = "<group>"; };
		A0BFB9FF2DDD7C3C002B96A8 /* NavState.swift */ = {isa = PBXFileReference; lastKnownFileType = sourcecode.swift; path = NavState.swift; sourceTree = "<group>"; };
		A0BFBA012DDD7C3C002B96A8 /* toiOSWatchConnector.swift */ = {isa = PBXFileReference; lastKnownFileType = sourcecode.swift; path = toiOSWatchConnector.swift; sourceTree = "<group>"; };
		A0BFBA022DDD7C3C002B96A8 /* WatchManager.swift */ = {isa = PBXFileReference; lastKnownFileType = sourcecode.swift; path = WatchManager.swift; sourceTree = "<group>"; };
		A0BFBA042DDD7C3C002B96A8 /* ActionButton.swift */ = {isa = PBXFileReference; lastKnownFileType = sourcecode.swift; path = ActionButton.swift; sourceTree = "<group>"; };
		A0BFBA062DDD7C3C002B96A8 /* SettingsView.swift */ = {isa = PBXFileReference; lastKnownFileType = sourcecode.swift; path = SettingsView.swift; sourceTree = "<group>"; };
		A0BFBA082DDD7C3C002B96A8 /* CalorieSetupView.swift */ = {isa = PBXFileReference; lastKnownFileType = sourcecode.swift; path = CalorieSetupView.swift; sourceTree = "<group>"; };
		A0BFBA092DDD7C3C002B96A8 /* DistanceSetupView.swift */ = {isa = PBXFileReference; lastKnownFileType = sourcecode.swift; path = DistanceSetupView.swift; sourceTree = "<group>"; };
		A0BFBA0A2DDD7C3C002B96A8 /* GoalWorkoutSetupView.swift */ = {isa = PBXFileReference; lastKnownFileType = sourcecode.swift; path = GoalWorkoutSetupView.swift; sourceTree = "<group>"; };
		A0BFBA0B2DDD7C3C002B96A8 /* TimeSetupView.swift */ = {isa = PBXFileReference; lastKnownFileType = sourcecode.swift; path = TimeSetupView.swift; sourceTree = "<group>"; };
		A0BFBA0D2DDD7C3C002B96A8 /* ImportSetView.swift */ = {isa = PBXFileReference; lastKnownFileType = sourcecode.swift; path = ImportSetView.swift; sourceTree = "<group>"; };
		A0BFBA0E2DDD7C3C002B96A8 /* SetDisplayView.swift */ = {isa = PBXFileReference; lastKnownFileType = sourcecode.swift; path = SetDisplayView.swift; sourceTree = "<group>"; };
		A0BFBA102DDD7C3C002B96A8 /* IndoorPoolSetupView.swift */ = {isa = PBXFileReference; lastKnownFileType = sourcecode.swift; path = IndoorPoolSetupView.swift; sourceTree = "<group>"; };
		A0BFBA112DDD7C3C002B96A8 /* UnitPickerView.swift */ = {isa = PBXFileReference; lastKnownFileType = sourcecode.swift; path = UnitPickerView.swift; sourceTree = "<group>"; };
		A0BFBA122DDD7C3C002B96A8 /* WorkoutSetupView.swift */ = {isa = PBXFileReference; lastKnownFileType = sourcecode.swift; path = WorkoutSetupView.swift; sourceTree = "<group>"; };
		A0BFBA142DDD7C3C002B96A8 /* ElapsedTimeView.swift */ = {isa = PBXFileReference; lastKnownFileType = sourcecode.swift; path = ElapsedTimeView.swift; sourceTree = "<group>"; };
		A0BFBA152DDD7C3C002B96A8 /* SummaryMetricView.swift */ = {isa = PBXFileReference; lastKnownFileType = sourcecode.swift; path = SummaryMetricView.swift; sourceTree = "<group>"; };
		A0BFBA172DDD7C3C002B96A8 /* GoalProgressView.swift */ = {isa = PBXFileReference; lastKnownFileType = sourcecode.swift; path = GoalProgressView.swift; sourceTree = "<group>"; };
		A0BFBA182DDD7C3C002B96A8 /* MetricsView.swift */ = {isa = PBXFileReference; lastKnownFileType = sourcecode.swift; path = MetricsView.swift; sourceTree = "<group>"; };
		A0BFBA192DDD7C3C002B96A8 /* SwimmingSummaryView.swift */ = {isa = PBXFileReference; lastKnownFileType = sourcecode.swift; path = SwimmingSummaryView.swift; sourceTree = "<group>"; };
		A0BFBA1A2DDD7C3C002B96A8 /* SwimmingView.swift */ = {isa = PBXFileReference; lastKnownFileType = sourcecode.swift; path = SwimmingView.swift; sourceTree = "<group>"; };
		A0BFBA1B2DDD7C3C002B96A8 /* WorkoutControlsView.swift */ = {isa = PBXFileReference; lastKnownFileType = sourcecode.swift; path = WorkoutControlsView.swift; sourceTree = "<group>"; };
		A0BFBA1D2DDD7C3C002B96A8 /* WatchRootView.swift */ = {isa = PBXFileReference; lastKnownFileType = sourcecode.swift; path = WatchRootView.swift; sourceTree = "<group>"; };
		A0BFBA1F2DDD7C3C002B96A8 /* Assets.xcassets */ = {isa = PBXFileReference; lastKnownFileType = folder.assetcatalog; path = Assets.xcassets; sourceTree = "<group>"; };
		A0BFBA202DDD7C3C002B96A8 /* WatchSwimMate Watch App.entitlements */ = {isa = PBXFileReference; lastKnownFileType = text.plist.entitlements; path = "WatchSwimMate Watch App.entitlements"; sourceTree = "<group>"; };
		A0BFBA212DDD7C3C002B96A8 /* WatchSwimMateApp.swift */ = {isa = PBXFileReference; lastKnownFileType = sourcecode.swift; path = WatchSwimMateApp.swift; sourceTree = "<group>"; };
		A0C0505F2BCC5D7A002450AD /* SwimMateApp.swift */ = {isa = PBXFileReference; lastKnownFileType = sourcecode.swift; path = SwimMateApp.swift; sourceTree = "<group>"; };
		A0C050632BCC5D7B002450AD /* Assets.xcassets */ = {isa = PBXFileReference; lastKnownFileType = folder.assetcatalog; path = Assets.xcassets; sourceTree = "<group>"; };
		A0C050662BCC5D7B002450AD /* Preview Assets.xcassets */ = {isa = PBXFileReference; lastKnownFileType = folder.assetcatalog; path = "Preview Assets.xcassets"; sourceTree = "<group>"; };
		A0C050922BCC5E41002450AD /* SwimMate.entitlements */ = {isa = PBXFileReference; lastKnownFileType = text.plist.entitlements; path = SwimMate.entitlements; sourceTree = "<group>"; };
		A0C050932BCC65A3002450AD /* Info.plist */ = {isa = PBXFileReference; lastKnownFileType = text.plist.xml; path = Info.plist; sourceTree = "<group>"; };
		A0F0C7D12BDF7C5F00AF6D5B /* SwimMate.app */ = {isa = PBXFileReference; explicitFileType = wrapper.application; includeInIndex = 0; path = SwimMate.app; sourceTree = BUILT_PRODUCTS_DIR; };
		A0F0C7D42BDF7C5F00AF6D5B /* WatchSwimMate Watch App.app */ = {isa = PBXFileReference; explicitFileType = wrapper.application; includeInIndex = 0; path = "WatchSwimMate Watch App.app"; sourceTree = BUILT_PRODUCTS_DIR; };
		A0FB9E312BDF7C1F00F39829 /* WatchConnectivity.framework */ = {isa = PBXFileReference; lastKnownFileType = wrapper.framework; name = WatchConnectivity.framework; path = System/Library/Frameworks/WatchConnectivity.framework; sourceTree = SDKROOT; };
/* End PBXFileReference section */

/* Begin PBXFrameworksBuildPhase section */
		A0C050592BCC5D7A002450AD /* Frameworks */ = {
			isa = PBXFrameworksBuildPhase;
			buildActionMask = 2147483647;
			files = (
				A0FB9E322BDF7C1F00F39829 /* WatchConnectivity.framework in Frameworks */,
			);
			runOnlyForDeploymentPostprocessing = 0;
		};
		A0D5BAF02BDC9318004D9B9C /* Frameworks */ = {
			isa = PBXFrameworksBuildPhase;
			buildActionMask = 2147483647;
			files = (
			);
			runOnlyForDeploymentPostprocessing = 0;
		};
/* End PBXFrameworksBuildPhase section */

/* Begin PBXGroup section */
		A01148282DDD054A00B701D7 /* LogbookView */ = {
			isa = PBXGroup;
			children = (
				A01148432DDD174E00B701D7 /* components */,
				A01148292DDD055B00B701D7 /* LogbookView.swift */,
			);
			path = LogbookView;
			sourceTree = "<group>";
		};
		A01148382DDD163C00B701D7 /* components */ = {
			isa = PBXGroup;
			children = (
				A01148412DDD16F400B701D7 /* DistanceChartCard.swift */,
				A011483F2DDD16E500B701D7 /* RecentSwimRow.swift */,
				A011483D2DDD16CA00B701D7 /* SummaryMetricItem.swift */,
				A011483B2DDD165E00B701D7 /* RecentActivityCard.swift */,
				A01148392DDD164A00B701D7 /* WeeklySummaryCard.swift */,
			);
			path = components;
			sourceTree = "<group>";
		};
		A01148432DDD174E00B701D7 /* components */ = {
			isa = PBXGroup;
			children = (
				A01148442DDD175B00B701D7 /* SwimListItemView.swift */,
			);
			path = components;
			sourceTree = "<group>";
		};
		A032BE752DDD1D0A00265661 /* Charts */ = {
			isa = PBXGroup;
			children = (
				A032BE732DDD1D0A00265661 /* LineGraphView.swift */,
				A032BE742DDD1D0A00265661 /* PaceGraphView.swift */,
			);
			path = Charts;
			sourceTree = "<group>";
		};
		A032BE7A2DDD1D0A00265661 /* GeneralViews */ = {
			isa = PBXGroup;
			children = (
				A032BE752DDD1D0A00265661 /* Charts */,
				A032BE762DDD1D0A00265661 /* HealthKitPermissionView.swift */,
				A032BE792DDD1D0A00265661 /* WorkoutView.swift */,
			);
			path = GeneralViews;
			sourceTree = "<group>";
		};
		A07667932BF5E6BF00FFB4C3 /* HomeView */ = {
			isa = PBXGroup;
			children = (
				A01148382DDD163C00B701D7 /* components */,
				A07667922BF5E6BF00FFB4C3 /* HomePage.swift */,
			);
			path = HomeView;
			sourceTree = "<group>";
		};
		A07667972BF5E6BF00FFB4C3 /* ProfileView */ = {
			isa = PBXGroup;
			children = (
				A07667942BF5E6BF00FFB4C3 /* PreferencesView.swift */,
				A07667952BF5E6BF00FFB4C3 /* ProfilePage.swift */,
				A07667962BF5E6BF00FFB4C3 /* SettingsView.swift */,
			);
			path = ProfileView;
			sourceTree = "<group>";
		};
		A076679B2BF5E6BF00FFB4C3 /* SetView */ = {
			isa = PBXGroup;
			children = (
				A07667982BF5E6BF00FFB4C3 /* SetDetailView.swift */,
				A07667992BF5E6BF00FFB4C3 /* SetPage.swift */,
				A076679A2BF5E6BF00FFB4C3 /* SetSummaryView.swift */,
			);
			path = SetView;
			sourceTree = "<group>";
		};
		A076679D2BF5E6BF00FFB4C3 /* iOSViews */ = {
			isa = PBXGroup;
			children = (
				A032BE7A2DDD1D0A00265661 /* GeneralViews */,
				A01148282DDD054A00B701D7 /* LogbookView */,
				A07667932BF5E6BF00FFB4C3 /* HomeView */,
				A07667972BF5E6BF00FFB4C3 /* ProfileView */,
				A076679B2BF5E6BF00FFB4C3 /* SetView */,
				A076679C2BF5E6BF00FFB4C3 /* RootView.swift */,
			);
			path = iOSViews;
			sourceTree = "<group>";
		};
		A07667AF2BF5E6C600FFB4C3 /* ViewModel */ = {
			isa = PBXGroup;
			children = (
				A07667AD2BF5E6C600FFB4C3 /* Manager.swift */,
				A07667AE2BF5E6C600FFB4C3 /* WatchConnector.swift */,
			);
			name = ViewModel;
			path = SwimMate/ViewModel;
			sourceTree = SOURCE_ROOT;
		};
		A07667B52BF5E6CF00FFB4C3 /* Model */ = {
			isa = PBXGroup;
			children = (
				A07667B22BF5E6CF00FFB4C3 /* store.json */,
				A07667B32BF5E6CF00FFB4C3 /* Swim.swift */,
				A07667B42BF5E6CF00FFB4C3 /* SwimSet.swift */,
			);
			name = Model;
			path = SwimMate/Model;
			sourceTree = SOURCE_ROOT;
		};
		A0BFB9FE2DDD7C3C002B96A8 /* Preview Content */ = {
			isa = PBXGroup;
			children = (
				A0BFB9FD2DDD7C3C002B96A8 /* Preview Assets.xcassets */,
			);
			path = "Preview Content";
			sourceTree = "<group>";
		};
		A0BFBA002DDD7C3C002B96A8 /* WatchModel */ = {
			isa = PBXGroup;
			children = (
				A0BFB9FF2DDD7C3C002B96A8 /* NavState.swift */,
			);
			path = WatchModel;
			sourceTree = "<group>";
		};
		A0BFBA032DDD7C3C002B96A8 /* WatchViewModel */ = {
			isa = PBXGroup;
			children = (
				A0BFBA012DDD7C3C002B96A8 /* toiOSWatchConnector.swift */,
				A0BFBA022DDD7C3C002B96A8 /* WatchManager.swift */,
			);
			path = WatchViewModel;
			sourceTree = "<group>";
		};
		A0BFBA052DDD7C3C002B96A8 /* GeneralViews */ = {
			isa = PBXGroup;
			children = (
				A00E2E5C2DDDABDB005C30DE /* GoalSetupView.swift */,
				A0BFBA042DDD7C3C002B96A8 /* ActionButton.swift */,
			);
			path = GeneralViews;
			sourceTree = "<group>";
		};
		A0BFBA072DDD7C3C002B96A8 /* SettingsView */ = {
			isa = PBXGroup;
			children = (
				A0BFBA062DDD7C3C002B96A8 /* SettingsView.swift */,
			);
			path = SettingsView;
			sourceTree = "<group>";
		};
		A0BFBA0C2DDD7C3C002B96A8 /* GoalViews */ = {
			isa = PBXGroup;
			children = (
				A0BFBA082DDD7C3C002B96A8 /* CalorieSetupView.swift */,
				A0BFBA092DDD7C3C002B96A8 /* DistanceSetupView.swift */,
				A0BFBA0A2DDD7C3C002B96A8 /* GoalWorkoutSetupView.swift */,
				A0BFBA0B2DDD7C3C002B96A8 /* TimeSetupView.swift */,
			);
			path = GoalViews;
			sourceTree = "<group>";
		};
		A0BFBA0F2DDD7C3C002B96A8 /* ImportSetViews */ = {
			isa = PBXGroup;
			children = (
				A0BFBA0D2DDD7C3C002B96A8 /* ImportSetView.swift */,
				A0BFBA0E2DDD7C3C002B96A8 /* SetDisplayView.swift */,
			);
			path = ImportSetViews;
			sourceTree = "<group>";
		};
		A0BFBA132DDD7C3C002B96A8 /* WorkoutSetup */ = {
			isa = PBXGroup;
			children = (
				A0BFBA0C2DDD7C3C002B96A8 /* GoalViews */,
				A0BFBA0F2DDD7C3C002B96A8 /* ImportSetViews */,
				A0BFBA102DDD7C3C002B96A8 /* IndoorPoolSetupView.swift */,
				A0BFBA112DDD7C3C002B96A8 /* UnitPickerView.swift */,
				A0BFBA122DDD7C3C002B96A8 /* WorkoutSetupView.swift */,
			);
			path = WorkoutSetup;
			sourceTree = "<group>";
		};
		A0BFBA162DDD7C3C002B96A8 /* Subviews */ = {
			isa = PBXGroup;
			children = (
				A0BFBA142DDD7C3C002B96A8 /* ElapsedTimeView.swift */,
				A0BFBA152DDD7C3C002B96A8 /* SummaryMetricView.swift */,
			);
			path = Subviews;
			sourceTree = "<group>";
		};
		A0BFBA1C2DDD7C3C002B96A8 /* WorkoutViews */ = {
			isa = PBXGroup;
			children = (
				A0BFBA162DDD7C3C002B96A8 /* Subviews */,
				A0BFBA172DDD7C3C002B96A8 /* GoalProgressView.swift */,
				A0BFBA182DDD7C3C002B96A8 /* MetricsView.swift */,
				A0BFBA192DDD7C3C002B96A8 /* SwimmingSummaryView.swift */,
				A0BFBA1A2DDD7C3C002B96A8 /* SwimmingView.swift */,
				A0BFBA1B2DDD7C3C002B96A8 /* WorkoutControlsView.swift */,
			);
			path = WorkoutViews;
			sourceTree = "<group>";
		};
		A0BFBA1E2DDD7C3C002B96A8 /* WatchViews */ = {
			isa = PBXGroup;
			children = (
				A0BFBA052DDD7C3C002B96A8 /* GeneralViews */,
				A0BFBA072DDD7C3C002B96A8 /* SettingsView */,
				A0BFBA132DDD7C3C002B96A8 /* WorkoutSetup */,
				A0BFBA1C2DDD7C3C002B96A8 /* WorkoutViews */,
				A0BFBA1D2DDD7C3C002B96A8 /* WatchRootView.swift */,
			);
			path = WatchViews;
			sourceTree = "<group>";
		};
		A0BFBA222DDD7C3C002B96A8 /* WatchSwimMate Watch App */ = {
			isa = PBXGroup;
			children = (
				A0BFB9FE2DDD7C3C002B96A8 /* Preview Content */,
				A0BFBA002DDD7C3C002B96A8 /* WatchModel */,
				A0BFBA032DDD7C3C002B96A8 /* WatchViewModel */,
				A0BFBA1E2DDD7C3C002B96A8 /* WatchViews */,
				A0BFBA1F2DDD7C3C002B96A8 /* Assets.xcassets */,
				A0BFBA202DDD7C3C002B96A8 /* WatchSwimMate Watch App.entitlements */,
				A0BFBA212DDD7C3C002B96A8 /* WatchSwimMateApp.swift */,
			);
			path = "WatchSwimMate Watch App";
			sourceTree = "<group>";
		};
		A0C050532BCC5D7A002450AD = {
			isa = PBXGroup;
			children = (
				A08761762DC909FC00BD4402 /* README.md */,
				A0C0505E2BCC5D7A002450AD /* SwimMate */,
				A0BFBA222DDD7C3C002B96A8 /* WatchSwimMate Watch App */,
				A0D5BAEA2BDC90E5004D9B9C /* Frameworks */,
				A0F0C7D12BDF7C5F00AF6D5B /* SwimMate.app */,
				A0F0C7D42BDF7C5F00AF6D5B /* WatchSwimMate Watch App.app */,
			);
			sourceTree = "<group>";
		};
		A0C0505E2BCC5D7A002450AD /* SwimMate */ = {
			isa = PBXGroup;
			children = (
				A0C050932BCC65A3002450AD /* Info.plist */,
				A0C050922BCC5E41002450AD /* SwimMate.entitlements */,
				A0C0505F2BCC5D7A002450AD /* SwimMateApp.swift */,
				A076679D2BF5E6BF00FFB4C3 /* iOSViews */,
				A07667AF2BF5E6C600FFB4C3 /* ViewModel */,
				A07667B52BF5E6CF00FFB4C3 /* Model */,
				A0C050632BCC5D7B002450AD /* Assets.xcassets */,
				A0C050652BCC5D7B002450AD /* Preview Content */,
			);
			path = SwimMate;
			sourceTree = "<group>";
		};
		A0C050652BCC5D7B002450AD /* Preview Content */ = {
			isa = PBXGroup;
			children = (
				A0C050662BCC5D7B002450AD /* Preview Assets.xcassets */,
			);
			path = "Preview Content";
			sourceTree = "<group>";
		};
		A0D5BAEA2BDC90E5004D9B9C /* Frameworks */ = {
			isa = PBXGroup;
			children = (
				A0FB9E312BDF7C1F00F39829 /* WatchConnectivity.framework */,
			);
			name = Frameworks;
			sourceTree = "<group>";
		};
/* End PBXGroup section */

/* Begin PBXNativeTarget section */
		A0C0505B2BCC5D7A002450AD /* SwimMate */ = {
			isa = PBXNativeTarget;
			buildConfigurationList = A0C050802BCC5D7B002450AD /* Build configuration list for PBXNativeTarget "SwimMate" */;
			buildPhases = (
				A0C050582BCC5D7A002450AD /* Sources */,
				A0C050592BCC5D7A002450AD /* Frameworks */,
				A0C0505A2BCC5D7A002450AD /* Resources */,
				A095AA162BD6E5D50097884B /* Embed Watch Content */,
			);
			buildRules = (
			);
			dependencies = (
				A0F0C8172BDF84A200AF6D5B /* PBXTargetDependency */,
				A004E5202BE005DE008D3F11 /* PBXTargetDependency */,
			);
			name = SwimMate;
			productName = SwimMate;
			productReference = A0F0C7D12BDF7C5F00AF6D5B /* SwimMate.app */;
			productType = "com.apple.product-type.application";
		};
		A0D5BAF22BDC9318004D9B9C /* WatchSwimMate Watch App */ = {
			isa = PBXNativeTarget;
			buildConfigurationList = A0D5BB182BDC9319004D9B9C /* Build configuration list for PBXNativeTarget "WatchSwimMate Watch App" */;
			buildPhases = (
				A0D5BAEF2BDC9318004D9B9C /* Sources */,
				A0D5BAF02BDC9318004D9B9C /* Frameworks */,
				A0D5BAF12BDC9318004D9B9C /* Resources */,
			);
			buildRules = (
			);
			dependencies = (
			);
			name = "WatchSwimMate Watch App";
			productName = "WatchSwimMate Watch App";
			productReference = A0F0C7D42BDF7C5F00AF6D5B /* WatchSwimMate Watch App.app */;
			productType = "com.apple.product-type.application";
		};
/* End PBXNativeTarget section */

/* Begin PBXProject section */
		A0C050542BCC5D7A002450AD /* Project object */ = {
			isa = PBXProject;
			attributes = {
				BuildIndependentTargetsInParallel = 1;
				LastSwiftUpdateCheck = 1530;
				LastUpgradeCheck = 1630;
				TargetAttributes = {
					A0C0505B2BCC5D7A002450AD = {
						CreatedOnToolsVersion = 15.3;
					};
					A0D5BAF22BDC9318004D9B9C = {
						CreatedOnToolsVersion = 15.3;
					};
				};
			};
			buildConfigurationList = A0C050572BCC5D7A002450AD /* Build configuration list for PBXProject "SwimMate" */;
			compatibilityVersion = "Xcode 14.0";
			developmentRegion = en;
			hasScannedForEncodings = 0;
			knownRegions = (
				en,
				Base,
			);
			mainGroup = A0C050532BCC5D7A002450AD;
			productRefGroup = A0C050532BCC5D7A002450AD;
			projectDirPath = "";
			projectRoot = "";
			targets = (
				A0C0505B2BCC5D7A002450AD /* SwimMate */,
				A0D5BAF22BDC9318004D9B9C /* WatchSwimMate Watch App */,
			);
		};
/* End PBXProject section */

/* Begin PBXResourcesBuildPhase section */
		A0C0505A2BCC5D7A002450AD /* Resources */ = {
			isa = PBXResourcesBuildPhase;
			buildActionMask = 2147483647;
			files = (
				A07667B62BF5E6CF00FFB4C3 /* store.json in Resources */,
				A0C050672BCC5D7B002450AD /* Preview Assets.xcassets in Resources */,
				A08761772DC90A0000BD4402 /* README.md in Resources */,
				A0C050642BCC5D7B002450AD /* Assets.xcassets in Resources */,
			);
			runOnlyForDeploymentPostprocessing = 0;
		};
		A0D5BAF12BDC9318004D9B9C /* Resources */ = {
			isa = PBXResourcesBuildPhase;
			buildActionMask = 2147483647;
			files = (
				A0BFBA232DDD7C3C002B96A8 /* Assets.xcassets in Resources */,
				A0BFBA242DDD7C3C002B96A8 /* Preview Assets.xcassets in Resources */,
			);
			runOnlyForDeploymentPostprocessing = 0;
		};
/* End PBXResourcesBuildPhase section */

/* Begin PBXSourcesBuildPhase section */
		A0C050582BCC5D7A002450AD /* Sources */ = {
			isa = PBXSourcesBuildPhase;
			buildActionMask = 2147483647;
			files = (
				A011483C2DDD165E00B701D7 /* RecentActivityCard.swift in Sources */,
				A01148402DDD16E500B701D7 /* RecentSwimRow.swift in Sources */,
				A07667B12BF5E6C600FFB4C3 /* WatchConnector.swift in Sources */,
				A011483E2DDD16CA00B701D7 /* SummaryMetricItem.swift in Sources */,
				A07667A52BF5E6BF00FFB4C3 /* HomePage.swift in Sources */,
				A023DE452BDF7B2A00242C58 /* SwimMateApp.swift in Sources */,
				A07667A62BF5E6BF00FFB4C3 /* PreferencesView.swift in Sources */,
				A07667B82BF5E6CF00FFB4C3 /* SwimSet.swift in Sources */,
				A07667AB2BF5E6BF00FFB4C3 /* SetSummaryView.swift in Sources */,
				A011482A2DDD055B00B701D7 /* LogbookView.swift in Sources */,
				A032BE7B2DDD1D0A00265661 /* HealthKitPermissionView.swift in Sources */,
				A032BE7D2DDD1D0A00265661 /* WorkoutView.swift in Sources */,
				A032BE7E2DDD1D0A00265661 /* PaceGraphView.swift in Sources */,
				A032BE802DDD1D0A00265661 /* LineGraphView.swift in Sources */,
				A07667AC2BF5E6BF00FFB4C3 /* RootView.swift in Sources */,
				A07667B72BF5E6CF00FFB4C3 /* Swim.swift in Sources */,
				A07667A72BF5E6BF00FFB4C3 /* ProfilePage.swift in Sources */,
				A07667AA2BF5E6BF00FFB4C3 /* SetPage.swift in Sources */,
				A07667A82BF5E6BF00FFB4C3 /* SettingsView.swift in Sources */,
				A07667A92BF5E6BF00FFB4C3 /* SetDetailView.swift in Sources */,
				A01148452DDD175B00B701D7 /* SwimListItemView.swift in Sources */,
				A07667B02BF5E6C600FFB4C3 /* Manager.swift in Sources */,
				A011483A2DDD164A00B701D7 /* WeeklySummaryCard.swift in Sources */,
				A01148422DDD16F400B701D7 /* DistanceChartCard.swift in Sources */,
			);
			runOnlyForDeploymentPostprocessing = 0;
		};
		A0D5BAEF2BDC9318004D9B9C /* Sources */ = {
			isa = PBXSourcesBuildPhase;
			buildActionMask = 2147483647;
			files = (
				A07667B92BF5E7D800FFB4C3 /* Swim.swift in Sources */,
				A07667BA2BF5E7D800FFB4C3 /* SwimSet.swift in Sources */,
				A0BFBA252DDD7C3C002B96A8 /* WatchManager.swift in Sources */,
				A0BFBA262DDD7C3C002B96A8 /* toiOSWatchConnector.swift in Sources */,
				A0BFBA272DDD7C3C002B96A8 /* WorkoutSetupView.swift in Sources */,
				A0BFBA282DDD7C3C002B96A8 /* DistanceSetupView.swift in Sources */,
				A0BFBA292DDD7C3C002B96A8 /* UnitPickerView.swift in Sources */,
				A00E2E5D2DDDABDB005C30DE /* GoalSetupView.swift in Sources */,
				A0BFBA2A2DDD7C3C002B96A8 /* SummaryMetricView.swift in Sources */,
				A0BFBA2B2DDD7C3C002B96A8 /* IndoorPoolSetupView.swift in Sources */,
				A0BFBA2C2DDD7C3C002B96A8 /* SettingsView.swift in Sources */,
				A0BFBA2D2DDD7C3C002B96A8 /* CalorieSetupView.swift in Sources */,
				A0BFBA2E2DDD7C3C002B96A8 /* WorkoutControlsView.swift in Sources */,
				A0BFBA2F2DDD7C3C002B96A8 /* ActionButton.swift in Sources */,
				A0BFBA302DDD7C3C002B96A8 /* TimeSetupView.swift in Sources */,
				A0BFBA312DDD7C3C002B96A8 /* GoalProgressView.swift in Sources */,
				A0BFBA322DDD7C3C002B96A8 /* SwimmingView.swift in Sources */,
				A0BFBA332DDD7C3C002B96A8 /* ElapsedTimeView.swift in Sources */,
				A0BFBA342DDD7C3C002B96A8 /* ImportSetView.swift in Sources */,
				A0BFBA352DDD7C3C002B96A8 /* GoalWorkoutSetupView.swift in Sources */,
				A0BFBA362DDD7C3C002B96A8 /* MetricsView.swift in Sources */,
				A0BFBA372DDD7C3C002B96A8 /* SwimmingSummaryView.swift in Sources */,
				A0BFBA382DDD7C3C002B96A8 /* WatchRootView.swift in Sources */,
				A0BFBA392DDD7C3C002B96A8 /* WatchSwimMateApp.swift in Sources */,
				A0BFBA3A2DDD7C3C002B96A8 /* NavState.swift in Sources */,
				A0BFBA3B2DDD7C3C002B96A8 /* SetDisplayView.swift in Sources */,
			);
			runOnlyForDeploymentPostprocessing = 0;
		};
/* End PBXSourcesBuildPhase section */

/* Begin PBXTargetDependency section */
		A004E5202BE005DE008D3F11 /* PBXTargetDependency */ = {
			isa = PBXTargetDependency;
			target = A0D5BAF22BDC9318004D9B9C /* WatchSwimMate Watch App */;
			targetProxy = A004E51F2BE005DE008D3F11 /* PBXContainerItemProxy */;
		};
		A0F0C8172BDF84A200AF6D5B /* PBXTargetDependency */ = {
			isa = PBXTargetDependency;
			target = A0D5BAF22BDC9318004D9B9C /* WatchSwimMate Watch App */;
			targetProxy = A0F0C8162BDF84A200AF6D5B /* PBXContainerItemProxy */;
		};
/* End PBXTargetDependency section */

/* Begin XCBuildConfiguration section */
		A0C0507E2BCC5D7B002450AD /* Debug */ = {
			isa = XCBuildConfiguration;
			buildSettings = {
				ALWAYS_SEARCH_USER_PATHS = NO;
				ASSETCATALOG_COMPILER_GENERATE_SWIFT_ASSET_SYMBOL_EXTENSIONS = YES;
				CLANG_ANALYZER_NONNULL = YES;
				CLANG_ANALYZER_NUMBER_OBJECT_CONVERSION = YES_AGGRESSIVE;
				CLANG_CXX_LANGUAGE_STANDARD = "gnu++20";
				CLANG_ENABLE_MODULES = YES;
				CLANG_ENABLE_OBJC_ARC = YES;
				CLANG_ENABLE_OBJC_WEAK = YES;
				CLANG_WARN_BLOCK_CAPTURE_AUTORELEASING = YES;
				CLANG_WARN_BOOL_CONVERSION = YES;
				CLANG_WARN_COMMA = YES;
				CLANG_WARN_CONSTANT_CONVERSION = YES;
				CLANG_WARN_DEPRECATED_OBJC_IMPLEMENTATIONS = YES;
				CLANG_WARN_DIRECT_OBJC_ISA_USAGE = YES_ERROR;
				CLANG_WARN_DOCUMENTATION_COMMENTS = YES;
				CLANG_WARN_EMPTY_BODY = YES;
				CLANG_WARN_ENUM_CONVERSION = YES;
				CLANG_WARN_INFINITE_RECURSION = YES;
				CLANG_WARN_INT_CONVERSION = YES;
				CLANG_WARN_NON_LITERAL_NULL_CONVERSION = YES;
				CLANG_WARN_OBJC_IMPLICIT_RETAIN_SELF = YES;
				CLANG_WARN_OBJC_LITERAL_CONVERSION = YES;
				CLANG_WARN_OBJC_ROOT_CLASS = YES_ERROR;
				CLANG_WARN_QUOTED_INCLUDE_IN_FRAMEWORK_HEADER = YES;
				CLANG_WARN_RANGE_LOOP_ANALYSIS = YES;
				CLANG_WARN_STRICT_PROTOTYPES = YES;
				CLANG_WARN_SUSPICIOUS_MOVE = YES;
				CLANG_WARN_UNGUARDED_AVAILABILITY = YES_AGGRESSIVE;
				CLANG_WARN_UNREACHABLE_CODE = YES;
				CLANG_WARN__DUPLICATE_METHOD_MATCH = YES;
				COPY_PHASE_STRIP = NO;
				DEBUG_INFORMATION_FORMAT = dwarf;
				DEVELOPMENT_TEAM = 3ZX5P538FH;
				ENABLE_STRICT_OBJC_MSGSEND = YES;
				ENABLE_TESTABILITY = YES;
				ENABLE_USER_SCRIPT_SANDBOXING = YES;
				GCC_C_LANGUAGE_STANDARD = gnu17;
				GCC_DYNAMIC_NO_PIC = NO;
				GCC_NO_COMMON_BLOCKS = YES;
				GCC_OPTIMIZATION_LEVEL = 0;
				GCC_PREPROCESSOR_DEFINITIONS = (
					"DEBUG=1",
					"$(inherited)",
				);
				GCC_WARN_64_TO_32_BIT_CONVERSION = YES;
				GCC_WARN_ABOUT_RETURN_TYPE = YES_ERROR;
				GCC_WARN_UNDECLARED_SELECTOR = YES;
				GCC_WARN_UNINITIALIZED_AUTOS = YES_AGGRESSIVE;
				GCC_WARN_UNUSED_FUNCTION = YES;
				GCC_WARN_UNUSED_VARIABLE = YES;
				IPHONEOS_DEPLOYMENT_TARGET = 17.4;
				LOCALIZATION_PREFERS_STRING_CATALOGS = YES;
				MTL_ENABLE_DEBUG_INFO = INCLUDE_SOURCE;
				MTL_FAST_MATH = YES;
				ONLY_ACTIVE_ARCH = YES;
				SDKROOT = iphoneos;
				SWIFT_ACTIVE_COMPILATION_CONDITIONS = "DEBUG $(inherited)";
				SWIFT_OPTIMIZATION_LEVEL = "-Onone";
			};
			name = Debug;
		};
		A0C0507F2BCC5D7B002450AD /* Release */ = {
			isa = XCBuildConfiguration;
			buildSettings = {
				ALWAYS_SEARCH_USER_PATHS = NO;
				ASSETCATALOG_COMPILER_GENERATE_SWIFT_ASSET_SYMBOL_EXTENSIONS = YES;
				CLANG_ANALYZER_NONNULL = YES;
				CLANG_ANALYZER_NUMBER_OBJECT_CONVERSION = YES_AGGRESSIVE;
				CLANG_CXX_LANGUAGE_STANDARD = "gnu++20";
				CLANG_ENABLE_MODULES = YES;
				CLANG_ENABLE_OBJC_ARC = YES;
				CLANG_ENABLE_OBJC_WEAK = YES;
				CLANG_WARN_BLOCK_CAPTURE_AUTORELEASING = YES;
				CLANG_WARN_BOOL_CONVERSION = YES;
				CLANG_WARN_COMMA = YES;
				CLANG_WARN_CONSTANT_CONVERSION = YES;
				CLANG_WARN_DEPRECATED_OBJC_IMPLEMENTATIONS = YES;
				CLANG_WARN_DIRECT_OBJC_ISA_USAGE = YES_ERROR;
				CLANG_WARN_DOCUMENTATION_COMMENTS = YES;
				CLANG_WARN_EMPTY_BODY = YES;
				CLANG_WARN_ENUM_CONVERSION = YES;
				CLANG_WARN_INFINITE_RECURSION = YES;
				CLANG_WARN_INT_CONVERSION = YES;
				CLANG_WARN_NON_LITERAL_NULL_CONVERSION = YES;
				CLANG_WARN_OBJC_IMPLICIT_RETAIN_SELF = YES;
				CLANG_WARN_OBJC_LITERAL_CONVERSION = YES;
				CLANG_WARN_OBJC_ROOT_CLASS = YES_ERROR;
				CLANG_WARN_QUOTED_INCLUDE_IN_FRAMEWORK_HEADER = YES;
				CLANG_WARN_RANGE_LOOP_ANALYSIS = YES;
				CLANG_WARN_STRICT_PROTOTYPES = YES;
				CLANG_WARN_SUSPICIOUS_MOVE = YES;
				CLANG_WARN_UNGUARDED_AVAILABILITY = YES_AGGRESSIVE;
				CLANG_WARN_UNREACHABLE_CODE = YES;
				CLANG_WARN__DUPLICATE_METHOD_MATCH = YES;
				COPY_PHASE_STRIP = NO;
				DEBUG_INFORMATION_FORMAT = "dwarf-with-dsym";
				DEVELOPMENT_TEAM = 3ZX5P538FH;
				ENABLE_NS_ASSERTIONS = NO;
				ENABLE_STRICT_OBJC_MSGSEND = YES;
				ENABLE_USER_SCRIPT_SANDBOXING = YES;
				GCC_C_LANGUAGE_STANDARD = gnu17;
				GCC_NO_COMMON_BLOCKS = YES;
				GCC_WARN_64_TO_32_BIT_CONVERSION = YES;
				GCC_WARN_ABOUT_RETURN_TYPE = YES_ERROR;
				GCC_WARN_UNDECLARED_SELECTOR = YES;
				GCC_WARN_UNINITIALIZED_AUTOS = YES_AGGRESSIVE;
				GCC_WARN_UNUSED_FUNCTION = YES;
				GCC_WARN_UNUSED_VARIABLE = YES;
				IPHONEOS_DEPLOYMENT_TARGET = 17.4;
				LOCALIZATION_PREFERS_STRING_CATALOGS = YES;
				MTL_ENABLE_DEBUG_INFO = NO;
				MTL_FAST_MATH = YES;
				SDKROOT = iphoneos;
				SWIFT_COMPILATION_MODE = wholemodule;
				VALIDATE_PRODUCT = YES;
			};
			name = Release;
		};
		A0C050812BCC5D7B002450AD /* Debug */ = {
			isa = XCBuildConfiguration;
			buildSettings = {
				ASSETCATALOG_COMPILER_APPICON_NAME = AppIcon;
				ASSETCATALOG_COMPILER_GLOBAL_ACCENT_COLOR_NAME = AccentColor;
				CODE_SIGN_ENTITLEMENTS = SwimMate/SwimMate.entitlements;
				CODE_SIGN_STYLE = Automatic;
				CURRENT_PROJECT_VERSION = 1;
				DEVELOPMENT_ASSET_PATHS = "SwimMate/Preview\\ Content";
				ENABLE_PREVIEWS = YES;
				GENERATE_INFOPLIST_FILE = YES;
				INFOPLIST_FILE = SwimMate/Info.plist;
				INFOPLIST_KEY_NSHealthClinicalHealthRecordsShareUsageDescription = "Uses old workout data for displaying";
				INFOPLIST_KEY_NSHealthShareUsageDescription = "Your workout data is used to suggest new workout plans and exercises";
				INFOPLIST_KEY_NSHealthUpdateUsageDescription = "Any workout data created with the app will be added to your health data";
				INFOPLIST_KEY_UIApplicationSceneManifest_Generation = YES;
				INFOPLIST_KEY_UIApplicationSupportsIndirectInputEvents = YES;
				INFOPLIST_KEY_UILaunchScreen_Generation = YES;
				INFOPLIST_KEY_UISupportedInterfaceOrientations_iPad = "UIInterfaceOrientationPortrait UIInterfaceOrientationPortraitUpsideDown UIInterfaceOrientationLandscapeLeft UIInterfaceOrientationLandscapeRight";
				INFOPLIST_KEY_UISupportedInterfaceOrientations_iPhone = "UIInterfaceOrientationPortrait UIInterfaceOrientationLandscapeLeft UIInterfaceOrientationLandscapeRight";
				LD_RUNPATH_SEARCH_PATHS = (
					"$(inherited)",
					"@executable_path/Frameworks",
				);
				MARKETING_VERSION = 1.0;
				PRODUCT_BUNDLE_IDENTIFIER = psu.edu.SwimMate;
				PRODUCT_NAME = "$(TARGET_NAME)";
				SWIFT_EMIT_LOC_STRINGS = YES;
				SWIFT_VERSION = 5.0;
				TARGETED_DEVICE_FAMILY = "1,2";
			};
			name = Debug;
		};
		A0C050822BCC5D7B002450AD /* Release */ = {
			isa = XCBuildConfiguration;
			buildSettings = {
				ASSETCATALOG_COMPILER_APPICON_NAME = AppIcon;
				ASSETCATALOG_COMPILER_GLOBAL_ACCENT_COLOR_NAME = AccentColor;
				CODE_SIGN_ENTITLEMENTS = SwimMate/SwimMate.entitlements;
				CODE_SIGN_STYLE = Automatic;
				CURRENT_PROJECT_VERSION = 1;
				DEVELOPMENT_ASSET_PATHS = "SwimMate/Preview\\ Content";
				ENABLE_PREVIEWS = YES;
				GENERATE_INFOPLIST_FILE = YES;
				INFOPLIST_FILE = SwimMate/Info.plist;
				INFOPLIST_KEY_NSHealthClinicalHealthRecordsShareUsageDescription = "Uses old workout data for displaying";
				INFOPLIST_KEY_NSHealthShareUsageDescription = "Your workout data is used to suggest new workout plans and exercises";
				INFOPLIST_KEY_NSHealthUpdateUsageDescription = "Any workout data created with the app will be added to your health data";
				INFOPLIST_KEY_UIApplicationSceneManifest_Generation = YES;
				INFOPLIST_KEY_UIApplicationSupportsIndirectInputEvents = YES;
				INFOPLIST_KEY_UILaunchScreen_Generation = YES;
				INFOPLIST_KEY_UISupportedInterfaceOrientations_iPad = "UIInterfaceOrientationPortrait UIInterfaceOrientationPortraitUpsideDown UIInterfaceOrientationLandscapeLeft UIInterfaceOrientationLandscapeRight";
				INFOPLIST_KEY_UISupportedInterfaceOrientations_iPhone = "UIInterfaceOrientationPortrait UIInterfaceOrientationLandscapeLeft UIInterfaceOrientationLandscapeRight";
				LD_RUNPATH_SEARCH_PATHS = (
					"$(inherited)",
					"@executable_path/Frameworks",
				);
				MARKETING_VERSION = 1.0;
				PRODUCT_BUNDLE_IDENTIFIER = psu.edu.SwimMate;
				PRODUCT_NAME = "$(TARGET_NAME)";
				SWIFT_EMIT_LOC_STRINGS = YES;
				SWIFT_VERSION = 5.0;
				TARGETED_DEVICE_FAMILY = "1,2";
			};
			name = Release;
		};
		A0D5BB192BDC9319004D9B9C /* Debug */ = {
			isa = XCBuildConfiguration;
			buildSettings = {
				ASSETCATALOG_COMPILER_APPICON_NAME = AppIcon;
				ASSETCATALOG_COMPILER_GLOBAL_ACCENT_COLOR_NAME = AccentColor;
				CODE_SIGN_ENTITLEMENTS = "WatchSwimMate Watch App/WatchSwimMate Watch App.entitlements";
				CODE_SIGN_STYLE = Automatic;
				CURRENT_PROJECT_VERSION = 1;
				DEVELOPMENT_ASSET_PATHS = "\"WatchSwimMate Watch App/Preview Content\"";
				ENABLE_PREVIEWS = YES;
				GENERATE_INFOPLIST_FILE = YES;
				INFOPLIST_FILE = "WatchSwimMate-Watch-App-Info.plist";
				INFOPLIST_KEY_CFBundleDisplayName = WatchSwimMate;
				INFOPLIST_KEY_LSApplicationCategoryType = "";
				INFOPLIST_KEY_NSHealthClinicalHealthRecordsShareUsageDescription = "Uses old workout data for displaying";
				INFOPLIST_KEY_NSHealthShareUsageDescription = "Your workout data is used to suggest new workout plans and exercises";
				INFOPLIST_KEY_NSHealthUpdateUsageDescription = "Any workout data created with the app will be added to your health data";
				INFOPLIST_KEY_UIApplicationSceneManifest_Generation = YES;
				INFOPLIST_KEY_UISupportedInterfaceOrientations = "UIInterfaceOrientationPortrait UIInterfaceOrientationPortraitUpsideDown";
				INFOPLIST_KEY_WKCompanionAppBundleIdentifier = psu.edu.SwimMate;
				LD_RUNPATH_SEARCH_PATHS = (
					"$(inherited)",
					"@executable_path/Frameworks",
				);
				MARKETING_VERSION = 1.0;
				PRODUCT_BUNDLE_IDENTIFIER = psu.edu.SwimMate.watchkitapp;
				PRODUCT_NAME = "$(TARGET_NAME)";
				SDKROOT = watchos;
				SKIP_INSTALL = YES;
				SWIFT_EMIT_LOC_STRINGS = YES;
				SWIFT_VERSION = 5.0;
				TARGETED_DEVICE_FAMILY = 4;
				WATCHOS_DEPLOYMENT_TARGET = 10.4;
			};
			name = Debug;
		};
		A0D5BB1A2BDC9319004D9B9C /* Release */ = {
			isa = XCBuildConfiguration;
			buildSettings = {
				ASSETCATALOG_COMPILER_APPICON_NAME = AppIcon;
				ASSETCATALOG_COMPILER_GLOBAL_ACCENT_COLOR_NAME = AccentColor;
				CODE_SIGN_ENTITLEMENTS = "WatchSwimMate Watch App/WatchSwimMate Watch App.entitlements";
				CODE_SIGN_STYLE = Automatic;
				CURRENT_PROJECT_VERSION = 1;
				DEVELOPMENT_ASSET_PATHS = "\"WatchSwimMate Watch App/Preview Content\"";
				ENABLE_PREVIEWS = YES;
				GENERATE_INFOPLIST_FILE = YES;
				INFOPLIST_FILE = "WatchSwimMate-Watch-App-Info.plist";
				INFOPLIST_KEY_CFBundleDisplayName = WatchSwimMate;
				INFOPLIST_KEY_LSApplicationCategoryType = "";
				INFOPLIST_KEY_NSHealthClinicalHealthRecordsShareUsageDescription = "Uses old workout data for displaying";
				INFOPLIST_KEY_NSHealthShareUsageDescription = "Your workout data is used to suggest new workout plans and exercises";
				INFOPLIST_KEY_NSHealthUpdateUsageDescription = "Any workout data created with the app will be added to your health data";
				INFOPLIST_KEY_UIApplicationSceneManifest_Generation = YES;
				INFOPLIST_KEY_UISupportedInterfaceOrientations = "UIInterfaceOrientationPortrait UIInterfaceOrientationPortraitUpsideDown";
				INFOPLIST_KEY_WKCompanionAppBundleIdentifier = psu.edu.SwimMate;
				LD_RUNPATH_SEARCH_PATHS = (
					"$(inherited)",
					"@executable_path/Frameworks",
				);
				MARKETING_VERSION = 1.0;
				PRODUCT_BUNDLE_IDENTIFIER = psu.edu.SwimMate.watchkitapp;
				PRODUCT_NAME = "$(TARGET_NAME)";
				SDKROOT = watchos;
				SKIP_INSTALL = YES;
				SWIFT_EMIT_LOC_STRINGS = YES;
				SWIFT_VERSION = 5.0;
				TARGETED_DEVICE_FAMILY = 4;
				WATCHOS_DEPLOYMENT_TARGET = 10.4;
			};
			name = Release;
		};
/* End XCBuildConfiguration section */

/* Begin XCConfigurationList section */
		A0C050572BCC5D7A002450AD /* Build configuration list for PBXProject "SwimMate" */ = {
			isa = XCConfigurationList;
			buildConfigurations = (
				A0C0507E2BCC5D7B002450AD /* Debug */,
				A0C0507F2BCC5D7B002450AD /* Release */,
			);
			defaultConfigurationIsVisible = 0;
			defaultConfigurationName = Release;
		};
		A0C050802BCC5D7B002450AD /* Build configuration list for PBXNativeTarget "SwimMate" */ = {
			isa = XCConfigurationList;
			buildConfigurations = (
				A0C050812BCC5D7B002450AD /* Debug */,
				A0C050822BCC5D7B002450AD /* Release */,
			);
			defaultConfigurationIsVisible = 0;
			defaultConfigurationName = Release;
		};
		A0D5BB182BDC9319004D9B9C /* Build configuration list for PBXNativeTarget "WatchSwimMate Watch App" */ = {
			isa = XCConfigurationList;
			buildConfigurations = (
				A0D5BB192BDC9319004D9B9C /* Debug */,
				A0D5BB1A2BDC9319004D9B9C /* Release */,
			);
			defaultConfigurationIsVisible = 0;
			defaultConfigurationName = Release;
		};
/* End XCConfigurationList section */
	};
	rootObject = A0C050542BCC5D7A002450AD /* Project object */;
}
